// !$*UTF8*$!
{
	archiveVersion = 1;
	classes = {
	};
	objectVersion = 60;
	objects = {

/* Begin PBXBuildFile section */
		BE055B8C2E5B089C00323869 /* RegisterExtension.swift in Sources */ = {isa = PBXBuildFile; fileRef = BE055B8B2E5B089C00323869 /* RegisterExtension.swift */; };
		BE055B902E5B662C00323869 /* GoogleSignIn in Frameworks */ = {isa = PBXBuildFile; productRef = BE055B8F2E5B662C00323869 /* GoogleSignIn */; };
		BE055B922E5B662C00323869 /* GoogleSignInSwift in Frameworks */ = {isa = PBXBuildFile; productRef = BE055B912E5B662C00323869 /* GoogleSignInSwift */; };
		BE055B952E5B92D100323869 /* GoogleService-Info.plist in Resources */ = {isa = PBXBuildFile; fileRef = BE055B932E5B797100323869 /* GoogleService-Info.plist */; };
		BE055B982E5C43AC00323869 /* MainTabbarViewController.swift in Sources */ = {isa = PBXBuildFile; fileRef = BE055B972E5C43AC00323869 /* MainTabbarViewController.swift */; };
		BE055B9E2E5C4A0600323869 /* ProfileViewController.swift in Sources */ = {isa = PBXBuildFile; fileRef = BE055B9D2E5C4A0600323869 /* ProfileViewController.swift */; };
		BE055BA02E5C4A1900323869 /* TrailerViewController.swift in Sources */ = {isa = PBXBuildFile; fileRef = BE055B9F2E5C4A1900323869 /* TrailerViewController.swift */; };
		BE055BA22E5C4A2800323869 /* SearchViewController.swift in Sources */ = {isa = PBXBuildFile; fileRef = BE055BA12E5C4A2800323869 /* SearchViewController.swift */; };
		BE055BA42E5C4A3A00323869 /* HomeViewController.swift in Sources */ = {isa = PBXBuildFile; fileRef = BE055BA32E5C4A3A00323869 /* HomeViewController.swift */; };
		BE05A8EB2E618C260065C728 /* TrailerViewModel.swift in Sources */ = {isa = PBXBuildFile; fileRef = BE05A8EA2E618C260065C728 /* TrailerViewModel.swift */; };
		BE05A8ED2E61904F0065C728 /* TrailerHeaderCell.swift in Sources */ = {isa = PBXBuildFile; fileRef = BE05A8EC2E61904F0065C728 /* TrailerHeaderCell.swift */; };
		BE05A8EF2E61906A0065C728 /* TrailerRatingCell.swift in Sources */ = {isa = PBXBuildFile; fileRef = BE05A8EE2E61906A0065C728 /* TrailerRatingCell.swift */; };
		BE05A8F12E6190B40065C728 /* TrailerCastCell.swift in Sources */ = {isa = PBXBuildFile; fileRef = BE05A8F02E6190B40065C728 /* TrailerCastCell.swift */; };
		BE05A8F32E6190C90065C728 /* TrailerVideoCell.swift in Sources */ = {isa = PBXBuildFile; fileRef = BE05A8F22E6190C90065C728 /* TrailerVideoCell.swift */; };
		BE05A8F52E619A1C0065C728 /* MovieDetail.swift in Sources */ = {isa = PBXBuildFile; fileRef = BE05A8F42E619A1C0065C728 /* MovieDetail.swift */; };
		BE05A8F72E619A8A0065C728 /* CreditsResponse.swift in Sources */ = {isa = PBXBuildFile; fileRef = BE05A8F62E619A8A0065C728 /* CreditsResponse.swift */; };
		BE05A8F92E619ABF0065C728 /* VideoResponse.swift in Sources */ = {isa = PBXBuildFile; fileRef = BE05A8F82E619ABF0065C728 /* VideoResponse.swift */; };
		BE05A8FB2E61A1780065C728 /* TrailerService.swift in Sources */ = {isa = PBXBuildFile; fileRef = BE05A8FA2E61A1780065C728 /* TrailerService.swift */; };
		BE05A8FE2E61C45B0065C728 /* Movie.swift in Sources */ = {isa = PBXBuildFile; fileRef = BE05A8FD2E61C45B0065C728 /* Movie.swift */; };
		BE05A9062E64AEF60065C728 /* ProfileInfoCell.swift in Sources */ = {isa = PBXBuildFile; fileRef = BE05A9052E64AEF60065C728 /* ProfileInfoCell.swift */; };
		BE05A9092E64AF300065C728 /* FavoriteCell.swift in Sources */ = {isa = PBXBuildFile; fileRef = BE05A9082E64AF300065C728 /* FavoriteCell.swift */; };
		BE05A90B2E64AF510065C728 /* FavoritesSectionCell.swift in Sources */ = {isa = PBXBuildFile; fileRef = BE05A90A2E64AF510065C728 /* FavoritesSectionCell.swift */; };
		BE05A90E2E64B19B0065C728 /* SDWebImage in Frameworks */ = {isa = PBXBuildFile; productRef = BE05A90D2E64B19B0065C728 /* SDWebImage */; };
		BE05A9102E64B1C40065C728 /* SDWebImage in Frameworks */ = {isa = PBXBuildFile; productRef = BE05A90F2E64B1C40065C728 /* SDWebImage */; };
		BE05A9122E64B2950065C728 /* ProfileViewModel.swift in Sources */ = {isa = PBXBuildFile; fileRef = BE05A9112E64B2950065C728 /* ProfileViewModel.swift */; };
		BE05A9192E64B80B0065C728 /* UserService.swift in Sources */ = {isa = PBXBuildFile; fileRef = BE05A9182E64B80B0065C728 /* UserService.swift */; };
		BE05A91B2E64F5E70065C728 /* Natification.swift in Sources */ = {isa = PBXBuildFile; fileRef = BE05A91A2E64F5E70065C728 /* Natification.swift */; };
		BE42C0322E682FD800EE1280 /* RecommendationChatViewModel.swift in Sources */ = {isa = PBXBuildFile; fileRef = BE42C0312E682FD800EE1280 /* RecommendationChatViewModel.swift */; };
		BE42C0342E68300100EE1280 /* RecommendationChatViewController.swift in Sources */ = {isa = PBXBuildFile; fileRef = BE42C0332E68300100EE1280 /* RecommendationChatViewController.swift */; };
		BE42C0372E68308F00EE1280 /* MoodsCell.swift in Sources */ = {isa = PBXBuildFile; fileRef = BE42C0362E68308F00EE1280 /* MoodsCell.swift */; };
		BE42C0392E68311000EE1280 /* RecommendationTextCell.swift in Sources */ = {isa = PBXBuildFile; fileRef = BE42C0382E68311000EE1280 /* RecommendationTextCell.swift */; };
		BE42C03B2E68316400EE1280 /* LoadingCell.swift in Sources */ = {isa = PBXBuildFile; fileRef = BE42C03A2E68316400EE1280 /* LoadingCell.swift */; };
		BE42C0432E68824300EE1280 /* RemoteKeyStore.swift in Sources */ = {isa = PBXBuildFile; fileRef = BE42C0422E68824300EE1280 /* RemoteKeyStore.swift */; };
		BE42C0452E68830D00EE1280 /* OpenAIService.swift in Sources */ = {isa = PBXBuildFile; fileRef = BE42C0442E68830D00EE1280 /* OpenAIService.swift */; };
		BE42C0472E68834100EE1280 /* OpenAIAPI.swift in Sources */ = {isa = PBXBuildFile; fileRef = BE42C0462E68834100EE1280 /* OpenAIAPI.swift */; };
		BE42C0492E68C2BD00EE1280 /* MoyaProvider.swift in Sources */ = {isa = PBXBuildFile; fileRef = BE42C0482E68C2BD00EE1280 /* MoyaProvider.swift */; };
		BE42C04B2E68CBEE00EE1280 /* RemoteConfig.swift in Sources */ = {isa = PBXBuildFile; fileRef = BE42C04A2E68CBEE00EE1280 /* RemoteConfig.swift */; };
		BE42C04D2E68CC8000EE1280 /* TDBMService.swift in Sources */ = {isa = PBXBuildFile; fileRef = BE42C04C2E68CC8000EE1280 /* TDBMService.swift */; };
		BE42C04F2E68CE6600EE1280 /* MoodMapping.swift in Sources */ = {isa = PBXBuildFile; fileRef = BE42C04E2E68CE6600EE1280 /* MoodMapping.swift */; };
		BE42C0542E68DC2D00EE1280 /* Lottie in Frameworks */ = {isa = PBXBuildFile; productRef = BE42C0532E68DC2D00EE1280 /* Lottie */; };
		BE42C0562E68DF1200EE1280 /* MessageCell.swift in Sources */ = {isa = PBXBuildFile; fileRef = BE42C0552E68DF1200EE1280 /* MessageCell.swift */; };
		BE42C0582E68DF2C00EE1280 /* TitleCell.swift in Sources */ = {isa = PBXBuildFile; fileRef = BE42C0572E68DF2C00EE1280 /* TitleCell.swift */; };
		BE42C05A2E68E65600EE1280 /* ChatBubbleCell.swift in Sources */ = {isa = PBXBuildFile; fileRef = BE42C0592E68E65600EE1280 /* ChatBubbleCell.swift */; };
		BE42C0602E69A2C900EE1280 /* TMDBListResponse.swift in Sources */ = {isa = PBXBuildFile; fileRef = BE42C05F2E69A2C900EE1280 /* TMDBListResponse.swift */; };
		BE42C0622E69CB2700EE1280 /* AvatarPickerViewController.swift in Sources */ = {isa = PBXBuildFile; fileRef = BE42C0612E69CB2700EE1280 /* AvatarPickerViewController.swift */; };
		BE42C0642E69CB4D00EE1280 /* AvatarCell.swift in Sources */ = {isa = PBXBuildFile; fileRef = BE42C0632E69CB4D00EE1280 /* AvatarCell.swift */; };
		BE9A0FE12E546F6A0049583A /* AppDelegate.swift in Sources */ = {isa = PBXBuildFile; fileRef = BE9A0FE02E546F6A0049583A /* AppDelegate.swift */; };
		BE9A0FE32E546F6A0049583A /* SceneDelegate.swift in Sources */ = {isa = PBXBuildFile; fileRef = BE9A0FE22E546F6A0049583A /* SceneDelegate.swift */; };
		BE9A0FE82E546F6A0049583A /* Main.storyboard in Resources */ = {isa = PBXBuildFile; fileRef = BE9A0FE62E546F6A0049583A /* Main.storyboard */; };
		BE9A0FEA2E546F6D0049583A /* Assets.xcassets in Resources */ = {isa = PBXBuildFile; fileRef = BE9A0FE92E546F6D0049583A /* Assets.xcassets */; };
		BE9A0FED2E546F6D0049583A /* LaunchScreen.storyboard in Resources */ = {isa = PBXBuildFile; fileRef = BE9A0FEB2E546F6D0049583A /* LaunchScreen.storyboard */; };
		BE9A0FF62E5471D10049583A /* FirebaseAnalytics in Frameworks */ = {isa = PBXBuildFile; productRef = BE9A0FF52E5471D10049583A /* FirebaseAnalytics */; };
		BE9A0FF82E5471D20049583A /* FirebaseAnalyticsOnDeviceConversion in Frameworks */ = {isa = PBXBuildFile; productRef = BE9A0FF72E5471D20049583A /* FirebaseAnalyticsOnDeviceConversion */; };
		BE9A0FFA2E5471D20049583A /* FirebaseAnalyticsWithoutAdIdSupport in Frameworks */ = {isa = PBXBuildFile; productRef = BE9A0FF92E5471D20049583A /* FirebaseAnalyticsWithoutAdIdSupport */; };
		BE9A0FFC2E5471D20049583A /* FirebaseAppCheck in Frameworks */ = {isa = PBXBuildFile; productRef = BE9A0FFB2E5471D20049583A /* FirebaseAppCheck */; };
		BE9A0FFE2E5471D20049583A /* FirebaseAppDistribution-Beta in Frameworks */ = {isa = PBXBuildFile; productRef = BE9A0FFD2E5471D20049583A /* FirebaseAppDistribution-Beta */; };
		BE9A10002E5471D20049583A /* FirebaseInstallations in Frameworks */ = {isa = PBXBuildFile; productRef = BE9A0FFF2E5471D20049583A /* FirebaseInstallations */; };
		BE9A10022E5471D20049583A /* FirebaseMLModelDownloader in Frameworks */ = {isa = PBXBuildFile; productRef = BE9A10012E5471D20049583A /* FirebaseMLModelDownloader */; };
		BE9A10042E5471D20049583A /* FirebaseMessaging in Frameworks */ = {isa = PBXBuildFile; productRef = BE9A10032E5471D20049583A /* FirebaseMessaging */; };
		BE9A10062E5471D20049583A /* FirebasePerformance in Frameworks */ = {isa = PBXBuildFile; productRef = BE9A10052E5471D20049583A /* FirebasePerformance */; };
		BE9A10082E5471D20049583A /* FirebaseRemoteConfig in Frameworks */ = {isa = PBXBuildFile; productRef = BE9A10072E5471D20049583A /* FirebaseRemoteConfig */; };
		BE9A100A2E5471D20049583A /* FirebaseStorage in Frameworks */ = {isa = PBXBuildFile; productRef = BE9A10092E5471D20049583A /* FirebaseStorage */; };
		BE9A100C2E5471D20049583A /* FirebaseStorageCombine-Community in Frameworks */ = {isa = PBXBuildFile; productRef = BE9A100B2E5471D20049583A /* FirebaseStorageCombine-Community */; };
		BE9A100E2E5471D20049583A /* FirebaseVertexAI-Preview in Frameworks */ = {isa = PBXBuildFile; productRef = BE9A100D2E5471D20049583A /* FirebaseVertexAI-Preview */; };
		BE9A10132E5494BA0049583A /* SnapKit in Frameworks */ = {isa = PBXBuildFile; productRef = BE9A10122E5494BA0049583A /* SnapKit */; };
		BEB7296C2E584EB20084AE98 /* ViewExtension.swift in Sources */ = {isa = PBXBuildFile; fileRef = BEB7296B2E584EB20084AE98 /* ViewExtension.swift */; };
		BEB7296E2E5861E10084AE98 /* FirebaseAnalytics in Frameworks */ = {isa = PBXBuildFile; productRef = BEB7296D2E5861E10084AE98 /* FirebaseAnalytics */; };
		BEB729702E5861E10084AE98 /* FirebaseAnalyticsOnDeviceConversion in Frameworks */ = {isa = PBXBuildFile; productRef = BEB7296F2E5861E10084AE98 /* FirebaseAnalyticsOnDeviceConversion */; };
		BEB729722E5861E10084AE98 /* FirebaseAnalyticsWithoutAdIdSupport in Frameworks */ = {isa = PBXBuildFile; productRef = BEB729712E5861E10084AE98 /* FirebaseAnalyticsWithoutAdIdSupport */; };
		BEB729742E5861E10084AE98 /* FirebaseAppCheck in Frameworks */ = {isa = PBXBuildFile; productRef = BEB729732E5861E10084AE98 /* FirebaseAppCheck */; };
		BEB729762E5861E10084AE98 /* FirebaseAppDistribution-Beta in Frameworks */ = {isa = PBXBuildFile; productRef = BEB729752E5861E10084AE98 /* FirebaseAppDistribution-Beta */; };
		BEB729782E5861E10084AE98 /* FirebaseAuth in Frameworks */ = {isa = PBXBuildFile; productRef = BEB729772E5861E10084AE98 /* FirebaseAuth */; };
		BEB7297A2E5861E10084AE98 /* FirebaseAuthCombine-Community in Frameworks */ = {isa = PBXBuildFile; productRef = BEB729792E5861E10084AE98 /* FirebaseAuthCombine-Community */; };
		BEB7297C2E5861E10084AE98 /* FirebaseCrashlytics in Frameworks */ = {isa = PBXBuildFile; productRef = BEB7297B2E5861E10084AE98 /* FirebaseCrashlytics */; };
		BEB7297E2E5861E10084AE98 /* FirebaseDatabase in Frameworks */ = {isa = PBXBuildFile; productRef = BEB7297D2E5861E10084AE98 /* FirebaseDatabase */; };
		BEB729802E5861E10084AE98 /* FirebaseDynamicLinks in Frameworks */ = {isa = PBXBuildFile; productRef = BEB7297F2E5861E10084AE98 /* FirebaseDynamicLinks */; };
		BEB729822E5861E10084AE98 /* FirebaseFirestore in Frameworks */ = {isa = PBXBuildFile; productRef = BEB729812E5861E10084AE98 /* FirebaseFirestore */; };
		BEB729842E5861E10084AE98 /* FirebaseFirestoreCombine-Community in Frameworks */ = {isa = PBXBuildFile; productRef = BEB729832E5861E10084AE98 /* FirebaseFirestoreCombine-Community */; };
		BEB729862E5861E10084AE98 /* FirebaseFunctions in Frameworks */ = {isa = PBXBuildFile; productRef = BEB729852E5861E10084AE98 /* FirebaseFunctions */; };
		BEB729882E5861E10084AE98 /* FirebaseFunctionsCombine-Community in Frameworks */ = {isa = PBXBuildFile; productRef = BEB729872E5861E10084AE98 /* FirebaseFunctionsCombine-Community */; };
		BEB7298A2E5861E10084AE98 /* FirebaseInAppMessaging-Beta in Frameworks */ = {isa = PBXBuildFile; productRef = BEB729892E5861E10084AE98 /* FirebaseInAppMessaging-Beta */; };
		BEB7298C2E5861E10084AE98 /* FirebaseInstallations in Frameworks */ = {isa = PBXBuildFile; productRef = BEB7298B2E5861E10084AE98 /* FirebaseInstallations */; };
		BEB7298E2E5861E10084AE98 /* FirebaseMLModelDownloader in Frameworks */ = {isa = PBXBuildFile; productRef = BEB7298D2E5861E10084AE98 /* FirebaseMLModelDownloader */; };
		BEB729902E5861E10084AE98 /* FirebaseMessaging in Frameworks */ = {isa = PBXBuildFile; productRef = BEB7298F2E5861E10084AE98 /* FirebaseMessaging */; };
		BEB729922E5861E10084AE98 /* FirebasePerformance in Frameworks */ = {isa = PBXBuildFile; productRef = BEB729912E5861E10084AE98 /* FirebasePerformance */; };
		BEB729942E5861E10084AE98 /* FirebaseRemoteConfig in Frameworks */ = {isa = PBXBuildFile; productRef = BEB729932E5861E10084AE98 /* FirebaseRemoteConfig */; };
		BEB729962E5861E10084AE98 /* FirebaseStorage in Frameworks */ = {isa = PBXBuildFile; productRef = BEB729952E5861E10084AE98 /* FirebaseStorage */; };
		BEB729982E5861E10084AE98 /* FirebaseStorageCombine-Community in Frameworks */ = {isa = PBXBuildFile; productRef = BEB729972E5861E10084AE98 /* FirebaseStorageCombine-Community */; };
		BEB7299A2E5861E10084AE98 /* FirebaseVertexAI-Preview in Frameworks */ = {isa = PBXBuildFile; productRef = BEB729992E5861E10084AE98 /* FirebaseVertexAI-Preview */; };
		BEB7299C2E59F1D30084AE98 /* InputCell.swift in Sources */ = {isa = PBXBuildFile; fileRef = BEB7299B2E59F1D30084AE98 /* InputCell.swift */; };
		BEB7299E2E59F1E50084AE98 /* ButtonCell.swift in Sources */ = {isa = PBXBuildFile; fileRef = BEB7299D2E59F1E50084AE98 /* ButtonCell.swift */; };
		BEDBE1AE2E6573E600DC2A80 /* TrailerActions.swift in Sources */ = {isa = PBXBuildFile; fileRef = BEDBE1AD2E6573E500DC2A80 /* TrailerActions.swift */; };
		BEDBE1B02E65C03F00DC2A80 /* SearchViewModel.swift in Sources */ = {isa = PBXBuildFile; fileRef = BEDBE1AF2E65C03F00DC2A80 /* SearchViewModel.swift */; };
		BEDBE1B52E65C17F00DC2A80 /* SearchHeaderCell.swift in Sources */ = {isa = PBXBuildFile; fileRef = BEDBE1B42E65C17F00DC2A80 /* SearchHeaderCell.swift */; };
		BEDBE1B92E66E14E00DC2A80 /* TrailerEmptyStateView.swift in Sources */ = {isa = PBXBuildFile; fileRef = BEDBE1B82E66E14E00DC2A80 /* TrailerEmptyStateView.swift */; };
		BEDD79DA2E6AD75800740C40 /* MessageCells.swift in Sources */ = {isa = PBXBuildFile; fileRef = BEDD79D92E6AD75800740C40 /* MessageCells.swift */; };
		BEDD79DC2E6AD78100740C40 /* LoadingCells.swift in Sources */ = {isa = PBXBuildFile; fileRef = BEDD79DB2E6AD78100740C40 /* LoadingCells.swift */; };
		BEE8B9322E55AA4500B5A8C4 /* LoginViewController.swift in Sources */ = {isa = PBXBuildFile; fileRef = BEE8B9312E55AA4500B5A8C4 /* LoginViewController.swift */; };
		BEE8B9452E55BAA400B5A8C4 /* LoginViewModel.swift in Sources */ = {isa = PBXBuildFile; fileRef = BEE8B9442E55BAA400B5A8C4 /* LoginViewModel.swift */; };
		BEE8B9482E55BDB000B5A8C4 /* BaseCollectionViewController.swift in Sources */ = {isa = PBXBuildFile; fileRef = BEE8B9472E55BDB000B5A8C4 /* BaseCollectionViewController.swift */; };
		BEE8B94A2E55BDFA00B5A8C4 /* BaseView.swift in Sources */ = {isa = PBXBuildFile; fileRef = BEE8B9492E55BDFA00B5A8C4 /* BaseView.swift */; };
		BEE8B94F2E55C58100B5A8C4 /* Icon.swift in Sources */ = {isa = PBXBuildFile; fileRef = BEE8B94E2E55C58100B5A8C4 /* Icon.swift */; };
		BEE8B9512E55C59000B5A8C4 /* CustomTextField.swift in Sources */ = {isa = PBXBuildFile; fileRef = BEE8B9502E55C59000B5A8C4 /* CustomTextField.swift */; };
		BEE8B95C2E55DD0900B5A8C4 /* SplashViewController.swift in Sources */ = {isa = PBXBuildFile; fileRef = BEE8B95B2E55DD0900B5A8C4 /* SplashViewController.swift */; };
		BEE8B95F2E55E24A00B5A8C4 /* WelcomeCells.swift in Sources */ = {isa = PBXBuildFile; fileRef = BEE8B95E2E55E24A00B5A8C4 /* WelcomeCells.swift */; };
		BEE8B9612E55E27100B5A8C4 /* Emailcells.swift in Sources */ = {isa = PBXBuildFile; fileRef = BEE8B9602E55E27100B5A8C4 /* Emailcells.swift */; };
		BEE8B9632E55E2A400B5A8C4 /* PasswordCell.swift in Sources */ = {isa = PBXBuildFile; fileRef = BEE8B9622E55E2A400B5A8C4 /* PasswordCell.swift */; };
		BEE8B9652E55E2B900B5A8C4 /* LogginButtonCells.swift in Sources */ = {isa = PBXBuildFile; fileRef = BEE8B9642E55E2B900B5A8C4 /* LogginButtonCells.swift */; };
		BEE8B9672E55E30F00B5A8C4 /* FooterCells.swift in Sources */ = {isa = PBXBuildFile; fileRef = BEE8B9662E55E30F00B5A8C4 /* FooterCells.swift */; };
		BEE8B9692E55E43600B5A8C4 /* GoogleButtonCell.swift in Sources */ = {isa = PBXBuildFile; fileRef = BEE8B9682E55E43600B5A8C4 /* GoogleButtonCell.swift */; };
		BEE8B96B2E55E52600B5A8C4 /* GradientButton.swift in Sources */ = {isa = PBXBuildFile; fileRef = BEE8B96A2E55E52600B5A8C4 /* GradientButton.swift */; };
		BEE8B9702E55F6D700B5A8C4 /* LoginView.swift in Sources */ = {isa = PBXBuildFile; fileRef = BEE8B96F2E55F6D700B5A8C4 /* LoginView.swift */; };
		BEE8B9732E56012C00B5A8C4 /* LoginExtension.swift in Sources */ = {isa = PBXBuildFile; fileRef = BEE8B9722E56012C00B5A8C4 /* LoginExtension.swift */; };
		BEE8B9762E56098A00B5A8C4 /* RegisterViewController.swift in Sources */ = {isa = PBXBuildFile; fileRef = BEE8B9752E56098A00B5A8C4 /* RegisterViewController.swift */; };
		BEE8B9782E56099C00B5A8C4 /* RegisterViewModel.swift in Sources */ = {isa = PBXBuildFile; fileRef = BEE8B9772E56099C00B5A8C4 /* RegisterViewModel.swift */; };
		BEE8B97A2E5609AD00B5A8C4 /* RegisterView.swift in Sources */ = {isa = PBXBuildFile; fileRef = BEE8B9792E5609AD00B5A8C4 /* RegisterView.swift */; };
		BEE8B97D2E5610CC00B5A8C4 /* RegisterButtonCell.swift in Sources */ = {isa = PBXBuildFile; fileRef = BEE8B97C2E5610CC00B5A8C4 /* RegisterButtonCell.swift */; };
		BEE8B9802E56F98700B5A8C4 /* FirebaseManager.swift in Sources */ = {isa = PBXBuildFile; fileRef = BEE8B97F2E56F98700B5A8C4 /* FirebaseManager.swift */; };
		BEE8B9822E57006100B5A8C4 /* AuthService.swift in Sources */ = {isa = PBXBuildFile; fileRef = BEE8B9812E57006100B5A8C4 /* AuthService.swift */; };
		BEEBB44C2E5DC70B00B0236D /* HomeViewModel.swift in Sources */ = {isa = PBXBuildFile; fileRef = BEEBB44B2E5DC70B00B0236D /* HomeViewModel.swift */; };
		BEEBB44E2E5DC8CF00B0236D /* MovieAPI.swift in Sources */ = {isa = PBXBuildFile; fileRef = BEEBB44D2E5DC8CF00B0236D /* MovieAPI.swift */; };
		BEEBB4502E5DC8FB00B0236D /* MovieResponse.swift in Sources */ = {isa = PBXBuildFile; fileRef = BEEBB44F2E5DC8FB00B0236D /* MovieResponse.swift */; };
		BEEBB4522E5DCA5C00B0236D /* NetworkProvider.swift in Sources */ = {isa = PBXBuildFile; fileRef = BEEBB4512E5DCA5C00B0236D /* NetworkProvider.swift */; };
		BEEBB4552E5DCDC400B0236D /* Moya in Frameworks */ = {isa = PBXBuildFile; productRef = BEEBB4542E5DCDC400B0236D /* Moya */; };
		BEEBB4592E5DD1C000B0236D /* MovieService.swift in Sources */ = {isa = PBXBuildFile; fileRef = BEEBB4582E5DD1C000B0236D /* MovieService.swift */; };
		BEEBB45D2E5DD33600B0236D /* MovieCell.swift in Sources */ = {isa = PBXBuildFile; fileRef = BEEBB45C2E5DD33600B0236D /* MovieCell.swift */; };
		BEEBB45F2E5DD35A00B0236D /* HomeExtension.swift in Sources */ = {isa = PBXBuildFile; fileRef = BEEBB45E2E5DD35A00B0236D /* HomeExtension.swift */; };
		BEEBB4612E5DD6FA00B0236D /* HorizontalMovieSectionCell.swift in Sources */ = {isa = PBXBuildFile; fileRef = BEEBB4602E5DD6FA00B0236D /* HorizontalMovieSectionCell.swift */; };
		BEEBB4632E5E32EE00B0236D /* MovieSectionCell.swift in Sources */ = {isa = PBXBuildFile; fileRef = BEEBB4622E5E32EE00B0236D /* MovieSectionCell.swift */; };
		BEEBB4662E5E3F0900B0236D /* FeaturedMoviesCell.swift in Sources */ = {isa = PBXBuildFile; fileRef = BEEBB4652E5E3F0900B0236D /* FeaturedMoviesCell.swift */; };
		BEEBB4682E5E4E6000B0236D /* ConfigurableCell.swift in Sources */ = {isa = PBXBuildFile; fileRef = BEEBB4672E5E4E6000B0236D /* ConfigurableCell.swift */; };
		BEEBB46A2E5EE33B00B0236D /* UIViewController+Alert.swift in Sources */ = {isa = PBXBuildFile; fileRef = BEEBB4692E5EE33B00B0236D /* UIViewController+Alert.swift */; };
		BEEBB46C2E5EE3F400B0236D /* LoginActions.swift in Sources */ = {isa = PBXBuildFile; fileRef = BEEBB46B2E5EE3F400B0236D /* LoginActions.swift */; };
		BEEBB46E2E5EE55A00B0236D /* RegisterActions.swift in Sources */ = {isa = PBXBuildFile; fileRef = BEEBB46D2E5EE55A00B0236D /* RegisterActions.swift */; };
		BEEBB4702E5F3A9100B0236D /* Home2ViewController.swift in Sources */ = {isa = PBXBuildFile; fileRef = BEEBB46F2E5F3A9100B0236D /* Home2ViewController.swift */; };
		BEEBB4722E5F81A300B0236D /* Protocols.swift in Sources */ = {isa = PBXBuildFile; fileRef = BEEBB4712E5F81A300B0236D /* Protocols.swift */; };
		BEEBB4742E5F863400B0236D /* HomeModel.swift in Sources */ = {isa = PBXBuildFile; fileRef = BEEBB4732E5F863400B0236D /* HomeModel.swift */; };
		BEEBB47B2E60401300B0236D /* moviesplash.json in Resources */ = {isa = PBXBuildFile; fileRef = BEEBB47A2E60401200B0236D /* moviesplash.json */; };
		BEEBB47D2E60401D00B0236D /* endingeffect.json in Resources */ = {isa = PBXBuildFile; fileRef = BEEBB47C2E60401D00B0236D /* endingeffect.json */; };
		BEEBB4832E60486600B0236D /* AnimatedBlurLabel.swift in Sources */ = {isa = PBXBuildFile; fileRef = BEEBB4822E60486600B0236D /* AnimatedBlurLabel.swift */; };
		BEF875762E571D340064B51B /* RegisterModel.swift in Sources */ = {isa = PBXBuildFile; fileRef = BEF875752E571D340064B51B /* RegisterModel.swift */; };
		BEF875782E571D7F0064B51B /* LoginModel.swift in Sources */ = {isa = PBXBuildFile; fileRef = BEF875772E571D7F0064B51B /* LoginModel.swift */; };
		BEF8757A2E57D3E80064B51B /* BaseInputCell.swift in Sources */ = {isa = PBXBuildFile; fileRef = BEF875792E57D3E80064B51B /* BaseInputCell.swift */; };
/* End PBXBuildFile section */

/* Begin PBXFileReference section */
		BE055B8B2E5B089C00323869 /* RegisterExtension.swift */ = {isa = PBXFileReference; lastKnownFileType = sourcecode.swift; path = RegisterExtension.swift; sourceTree = "<group>"; };
		BE055B932E5B797100323869 /* GoogleService-Info.plist */ = {isa = PBXFileReference; fileEncoding = 4; lastKnownFileType = text.plist.xml; path = "GoogleService-Info.plist"; sourceTree = "<group>"; };
		BE055B972E5C43AC00323869 /* MainTabbarViewController.swift */ = {isa = PBXFileReference; lastKnownFileType = sourcecode.swift; path = MainTabbarViewController.swift; sourceTree = "<group>"; };
		BE055B9D2E5C4A0600323869 /* ProfileViewController.swift */ = {isa = PBXFileReference; lastKnownFileType = sourcecode.swift; path = ProfileViewController.swift; sourceTree = "<group>"; };
		BE055B9F2E5C4A1900323869 /* TrailerViewController.swift */ = {isa = PBXFileReference; lastKnownFileType = sourcecode.swift; path = TrailerViewController.swift; sourceTree = "<group>"; };
		BE055BA12E5C4A2800323869 /* SearchViewController.swift */ = {isa = PBXFileReference; lastKnownFileType = sourcecode.swift; path = SearchViewController.swift; sourceTree = "<group>"; };
		BE055BA32E5C4A3A00323869 /* HomeViewController.swift */ = {isa = PBXFileReference; lastKnownFileType = sourcecode.swift; path = HomeViewController.swift; sourceTree = "<group>"; };
		BE05A8EA2E618C260065C728 /* TrailerViewModel.swift */ = {isa = PBXFileReference; lastKnownFileType = sourcecode.swift; path = TrailerViewModel.swift; sourceTree = "<group>"; };
		BE05A8EC2E61904F0065C728 /* TrailerHeaderCell.swift */ = {isa = PBXFileReference; lastKnownFileType = sourcecode.swift; path = TrailerHeaderCell.swift; sourceTree = "<group>"; };
		BE05A8EE2E61906A0065C728 /* TrailerRatingCell.swift */ = {isa = PBXFileReference; lastKnownFileType = sourcecode.swift; path = TrailerRatingCell.swift; sourceTree = "<group>"; };
		BE05A8F02E6190B40065C728 /* TrailerCastCell.swift */ = {isa = PBXFileReference; lastKnownFileType = sourcecode.swift; path = TrailerCastCell.swift; sourceTree = "<group>"; };
		BE05A8F22E6190C90065C728 /* TrailerVideoCell.swift */ = {isa = PBXFileReference; lastKnownFileType = sourcecode.swift; path = TrailerVideoCell.swift; sourceTree = "<group>"; };
		BE05A8F42E619A1C0065C728 /* MovieDetail.swift */ = {isa = PBXFileReference; lastKnownFileType = sourcecode.swift; path = MovieDetail.swift; sourceTree = "<group>"; };
		BE05A8F62E619A8A0065C728 /* CreditsResponse.swift */ = {isa = PBXFileReference; lastKnownFileType = sourcecode.swift; path = CreditsResponse.swift; sourceTree = "<group>"; };
		BE05A8F82E619ABF0065C728 /* VideoResponse.swift */ = {isa = PBXFileReference; lastKnownFileType = sourcecode.swift; path = VideoResponse.swift; sourceTree = "<group>"; };
		BE05A8FA2E61A1780065C728 /* TrailerService.swift */ = {isa = PBXFileReference; lastKnownFileType = sourcecode.swift; path = TrailerService.swift; sourceTree = "<group>"; };
		BE05A8FD2E61C45B0065C728 /* Movie.swift */ = {isa = PBXFileReference; lastKnownFileType = sourcecode.swift; path = Movie.swift; sourceTree = "<group>"; };
		BE05A9052E64AEF60065C728 /* ProfileInfoCell.swift */ = {isa = PBXFileReference; lastKnownFileType = sourcecode.swift; path = ProfileInfoCell.swift; sourceTree = "<group>"; };
		BE05A9082E64AF300065C728 /* FavoriteCell.swift */ = {isa = PBXFileReference; lastKnownFileType = sourcecode.swift; path = FavoriteCell.swift; sourceTree = "<group>"; };
		BE05A90A2E64AF510065C728 /* FavoritesSectionCell.swift */ = {isa = PBXFileReference; lastKnownFileType = sourcecode.swift; path = FavoritesSectionCell.swift; sourceTree = "<group>"; };
		BE05A9112E64B2950065C728 /* ProfileViewModel.swift */ = {isa = PBXFileReference; lastKnownFileType = sourcecode.swift; path = ProfileViewModel.swift; sourceTree = "<group>"; };
		BE05A9182E64B80B0065C728 /* UserService.swift */ = {isa = PBXFileReference; lastKnownFileType = sourcecode.swift; path = UserService.swift; sourceTree = "<group>"; };
		BE05A91A2E64F5E70065C728 /* Natification.swift */ = {isa = PBXFileReference; lastKnownFileType = sourcecode.swift; path = Natification.swift; sourceTree = "<group>"; };
		BE42C0312E682FD800EE1280 /* RecommendationChatViewModel.swift */ = {isa = PBXFileReference; lastKnownFileType = sourcecode.swift; path = RecommendationChatViewModel.swift; sourceTree = "<group>"; };
		BE42C0332E68300100EE1280 /* RecommendationChatViewController.swift */ = {isa = PBXFileReference; lastKnownFileType = sourcecode.swift; path = RecommendationChatViewController.swift; sourceTree = "<group>"; };
		BE42C0362E68308F00EE1280 /* MoodsCell.swift */ = {isa = PBXFileReference; lastKnownFileType = sourcecode.swift; path = MoodsCell.swift; sourceTree = "<group>"; };
		BE42C0382E68311000EE1280 /* RecommendationTextCell.swift */ = {isa = PBXFileReference; lastKnownFileType = sourcecode.swift; path = RecommendationTextCell.swift; sourceTree = "<group>"; };
		BE42C03A2E68316400EE1280 /* LoadingCell.swift */ = {isa = PBXFileReference; lastKnownFileType = sourcecode.swift; path = LoadingCell.swift; sourceTree = "<group>"; };
		BE42C0422E68824300EE1280 /* RemoteKeyStore.swift */ = {isa = PBXFileReference; lastKnownFileType = sourcecode.swift; path = RemoteKeyStore.swift; sourceTree = "<group>"; };
		BE42C0442E68830D00EE1280 /* OpenAIService.swift */ = {isa = PBXFileReference; lastKnownFileType = sourcecode.swift; path = OpenAIService.swift; sourceTree = "<group>"; };
		BE42C0462E68834100EE1280 /* OpenAIAPI.swift */ = {isa = PBXFileReference; lastKnownFileType = sourcecode.swift; path = OpenAIAPI.swift; sourceTree = "<group>"; };
		BE42C0482E68C2BD00EE1280 /* MoyaProvider.swift */ = {isa = PBXFileReference; lastKnownFileType = sourcecode.swift; path = MoyaProvider.swift; sourceTree = "<group>"; };
		BE42C04A2E68CBEE00EE1280 /* RemoteConfig.swift */ = {isa = PBXFileReference; lastKnownFileType = sourcecode.swift; path = RemoteConfig.swift; sourceTree = "<group>"; };
		BE42C04C2E68CC8000EE1280 /* TDBMService.swift */ = {isa = PBXFileReference; lastKnownFileType = sourcecode.swift; path = TDBMService.swift; sourceTree = "<group>"; };
		BE42C04E2E68CE6600EE1280 /* MoodMapping.swift */ = {isa = PBXFileReference; lastKnownFileType = sourcecode.swift; path = MoodMapping.swift; sourceTree = "<group>"; };
		BE42C0552E68DF1200EE1280 /* MessageCell.swift */ = {isa = PBXFileReference; lastKnownFileType = sourcecode.swift; path = MessageCell.swift; sourceTree = "<group>"; };
		BE42C0572E68DF2C00EE1280 /* TitleCell.swift */ = {isa = PBXFileReference; lastKnownFileType = sourcecode.swift; path = TitleCell.swift; sourceTree = "<group>"; };
		BE42C0592E68E65600EE1280 /* ChatBubbleCell.swift */ = {isa = PBXFileReference; lastKnownFileType = sourcecode.swift; path = ChatBubbleCell.swift; sourceTree = "<group>"; };
		BE42C05F2E69A2C900EE1280 /* TMDBListResponse.swift */ = {isa = PBXFileReference; lastKnownFileType = sourcecode.swift; path = TMDBListResponse.swift; sourceTree = "<group>"; };
		BE42C0612E69CB2700EE1280 /* AvatarPickerViewController.swift */ = {isa = PBXFileReference; lastKnownFileType = sourcecode.swift; path = AvatarPickerViewController.swift; sourceTree = "<group>"; };
		BE42C0632E69CB4D00EE1280 /* AvatarCell.swift */ = {isa = PBXFileReference; lastKnownFileType = sourcecode.swift; path = AvatarCell.swift; sourceTree = "<group>"; };
		BE9A0FDD2E546F690049583A /* Netflix.app */ = {isa = PBXFileReference; explicitFileType = wrapper.application; includeInIndex = 0; path = Netflix.app; sourceTree = BUILT_PRODUCTS_DIR; };
		BE9A0FE02E546F6A0049583A /* AppDelegate.swift */ = {isa = PBXFileReference; lastKnownFileType = sourcecode.swift; path = AppDelegate.swift; sourceTree = "<group>"; };
		BE9A0FE22E546F6A0049583A /* SceneDelegate.swift */ = {isa = PBXFileReference; lastKnownFileType = sourcecode.swift; path = SceneDelegate.swift; sourceTree = "<group>"; };
		BE9A0FE72E546F6A0049583A /* Base */ = {isa = PBXFileReference; lastKnownFileType = file.storyboard; name = Base; path = Base.lproj/Main.storyboard; sourceTree = "<group>"; };
		BE9A0FE92E546F6D0049583A /* Assets.xcassets */ = {isa = PBXFileReference; lastKnownFileType = folder.assetcatalog; path = Assets.xcassets; sourceTree = "<group>"; };
		BE9A0FEC2E546F6D0049583A /* Base */ = {isa = PBXFileReference; lastKnownFileType = file.storyboard; name = Base; path = Base.lproj/LaunchScreen.storyboard; sourceTree = "<group>"; };
		BE9A0FEE2E546F6D0049583A /* Info.plist */ = {isa = PBXFileReference; lastKnownFileType = text.plist.xml; path = Info.plist; sourceTree = "<group>"; };
		BEB7296B2E584EB20084AE98 /* ViewExtension.swift */ = {isa = PBXFileReference; lastKnownFileType = sourcecode.swift; path = ViewExtension.swift; sourceTree = "<group>"; };
		BEB7299B2E59F1D30084AE98 /* InputCell.swift */ = {isa = PBXFileReference; lastKnownFileType = sourcecode.swift; path = InputCell.swift; sourceTree = "<group>"; };
		BEB7299D2E59F1E50084AE98 /* ButtonCell.swift */ = {isa = PBXFileReference; lastKnownFileType = sourcecode.swift; path = ButtonCell.swift; sourceTree = "<group>"; };
		BEDBE1AD2E6573E500DC2A80 /* TrailerActions.swift */ = {isa = PBXFileReference; lastKnownFileType = sourcecode.swift; path = TrailerActions.swift; sourceTree = "<group>"; };
		BEDBE1AF2E65C03F00DC2A80 /* SearchViewModel.swift */ = {isa = PBXFileReference; lastKnownFileType = sourcecode.swift; path = SearchViewModel.swift; sourceTree = "<group>"; };
		BEDBE1B42E65C17F00DC2A80 /* SearchHeaderCell.swift */ = {isa = PBXFileReference; lastKnownFileType = sourcecode.swift; path = SearchHeaderCell.swift; sourceTree = "<group>"; };
		BEDBE1B82E66E14E00DC2A80 /* TrailerEmptyStateView.swift */ = {isa = PBXFileReference; lastKnownFileType = sourcecode.swift; path = TrailerEmptyStateView.swift; sourceTree = "<group>"; };
		BEDD79D92E6AD75800740C40 /* MessageCells.swift */ = {isa = PBXFileReference; lastKnownFileType = sourcecode.swift; path = MessageCells.swift; sourceTree = "<group>"; };
		BEDD79DB2E6AD78100740C40 /* LoadingCells.swift */ = {isa = PBXFileReference; lastKnownFileType = sourcecode.swift; path = LoadingCells.swift; sourceTree = "<group>"; };
		BEE8B9312E55AA4500B5A8C4 /* LoginViewController.swift */ = {isa = PBXFileReference; lastKnownFileType = sourcecode.swift; path = LoginViewController.swift; sourceTree = "<group>"; };
		BEE8B9442E55BAA400B5A8C4 /* LoginViewModel.swift */ = {isa = PBXFileReference; lastKnownFileType = sourcecode.swift; path = LoginViewModel.swift; sourceTree = "<group>"; };
		BEE8B9472E55BDB000B5A8C4 /* BaseCollectionViewController.swift */ = {isa = PBXFileReference; lastKnownFileType = sourcecode.swift; path = BaseCollectionViewController.swift; sourceTree = "<group>"; };
		BEE8B9492E55BDFA00B5A8C4 /* BaseView.swift */ = {isa = PBXFileReference; lastKnownFileType = sourcecode.swift; path = BaseView.swift; sourceTree = "<group>"; };
		BEE8B94E2E55C58100B5A8C4 /* Icon.swift */ = {isa = PBXFileReference; lastKnownFileType = sourcecode.swift; path = Icon.swift; sourceTree = "<group>"; };
		BEE8B9502E55C59000B5A8C4 /* CustomTextField.swift */ = {isa = PBXFileReference; lastKnownFileType = sourcecode.swift; path = CustomTextField.swift; sourceTree = "<group>"; };
		BEE8B95B2E55DD0900B5A8C4 /* SplashViewController.swift */ = {isa = PBXFileReference; lastKnownFileType = sourcecode.swift; path = SplashViewController.swift; sourceTree = "<group>"; };
		BEE8B95E2E55E24A00B5A8C4 /* WelcomeCells.swift */ = {isa = PBXFileReference; lastKnownFileType = sourcecode.swift; path = WelcomeCells.swift; sourceTree = "<group>"; };
		BEE8B9602E55E27100B5A8C4 /* Emailcells.swift */ = {isa = PBXFileReference; lastKnownFileType = sourcecode.swift; path = Emailcells.swift; sourceTree = "<group>"; };
		BEE8B9622E55E2A400B5A8C4 /* PasswordCell.swift */ = {isa = PBXFileReference; lastKnownFileType = sourcecode.swift; path = PasswordCell.swift; sourceTree = "<group>"; };
		BEE8B9642E55E2B900B5A8C4 /* LogginButtonCells.swift */ = {isa = PBXFileReference; lastKnownFileType = sourcecode.swift; path = LogginButtonCells.swift; sourceTree = "<group>"; };
		BEE8B9662E55E30F00B5A8C4 /* FooterCells.swift */ = {isa = PBXFileReference; lastKnownFileType = sourcecode.swift; path = FooterCells.swift; sourceTree = "<group>"; };
		BEE8B9682E55E43600B5A8C4 /* GoogleButtonCell.swift */ = {isa = PBXFileReference; lastKnownFileType = sourcecode.swift; path = GoogleButtonCell.swift; sourceTree = "<group>"; };
		BEE8B96A2E55E52600B5A8C4 /* GradientButton.swift */ = {isa = PBXFileReference; lastKnownFileType = sourcecode.swift; path = GradientButton.swift; sourceTree = "<group>"; };
		BEE8B96F2E55F6D700B5A8C4 /* LoginView.swift */ = {isa = PBXFileReference; lastKnownFileType = sourcecode.swift; path = LoginView.swift; sourceTree = "<group>"; };
		BEE8B9722E56012C00B5A8C4 /* LoginExtension.swift */ = {isa = PBXFileReference; lastKnownFileType = sourcecode.swift; path = LoginExtension.swift; sourceTree = "<group>"; };
		BEE8B9752E56098A00B5A8C4 /* RegisterViewController.swift */ = {isa = PBXFileReference; lastKnownFileType = sourcecode.swift; path = RegisterViewController.swift; sourceTree = "<group>"; };
		BEE8B9772E56099C00B5A8C4 /* RegisterViewModel.swift */ = {isa = PBXFileReference; lastKnownFileType = sourcecode.swift; path = RegisterViewModel.swift; sourceTree = "<group>"; };
		BEE8B9792E5609AD00B5A8C4 /* RegisterView.swift */ = {isa = PBXFileReference; lastKnownFileType = sourcecode.swift; path = RegisterView.swift; sourceTree = "<group>"; };
		BEE8B97C2E5610CC00B5A8C4 /* RegisterButtonCell.swift */ = {isa = PBXFileReference; lastKnownFileType = sourcecode.swift; path = RegisterButtonCell.swift; sourceTree = "<group>"; };
		BEE8B97F2E56F98700B5A8C4 /* FirebaseManager.swift */ = {isa = PBXFileReference; lastKnownFileType = sourcecode.swift; path = FirebaseManager.swift; sourceTree = "<group>"; };
		BEE8B9812E57006100B5A8C4 /* AuthService.swift */ = {isa = PBXFileReference; lastKnownFileType = sourcecode.swift; path = AuthService.swift; sourceTree = "<group>"; };
		BEEBB44B2E5DC70B00B0236D /* HomeViewModel.swift */ = {isa = PBXFileReference; lastKnownFileType = sourcecode.swift; name = HomeViewModel.swift; path = ../../../../../../Documents/HomeViewModel.swift; sourceTree = "<group>"; };
		BEEBB44D2E5DC8CF00B0236D /* MovieAPI.swift */ = {isa = PBXFileReference; lastKnownFileType = sourcecode.swift; path = MovieAPI.swift; sourceTree = "<group>"; };
		BEEBB44F2E5DC8FB00B0236D /* MovieResponse.swift */ = {isa = PBXFileReference; lastKnownFileType = sourcecode.swift; path = MovieResponse.swift; sourceTree = "<group>"; };
		BEEBB4512E5DCA5C00B0236D /* NetworkProvider.swift */ = {isa = PBXFileReference; lastKnownFileType = sourcecode.swift; path = NetworkProvider.swift; sourceTree = "<group>"; };
		BEEBB4582E5DD1C000B0236D /* MovieService.swift */ = {isa = PBXFileReference; lastKnownFileType = sourcecode.swift; path = MovieService.swift; sourceTree = "<group>"; };
		BEEBB45C2E5DD33600B0236D /* MovieCell.swift */ = {isa = PBXFileReference; lastKnownFileType = sourcecode.swift; path = MovieCell.swift; sourceTree = "<group>"; };
		BEEBB45E2E5DD35A00B0236D /* HomeExtension.swift */ = {isa = PBXFileReference; lastKnownFileType = sourcecode.swift; path = HomeExtension.swift; sourceTree = "<group>"; };
		BEEBB4602E5DD6FA00B0236D /* HorizontalMovieSectionCell.swift */ = {isa = PBXFileReference; lastKnownFileType = sourcecode.swift; path = HorizontalMovieSectionCell.swift; sourceTree = "<group>"; };
		BEEBB4622E5E32EE00B0236D /* MovieSectionCell.swift */ = {isa = PBXFileReference; lastKnownFileType = sourcecode.swift; path = MovieSectionCell.swift; sourceTree = "<group>"; };
		BEEBB4652E5E3F0900B0236D /* FeaturedMoviesCell.swift */ = {isa = PBXFileReference; lastKnownFileType = sourcecode.swift; path = FeaturedMoviesCell.swift; sourceTree = "<group>"; };
		BEEBB4672E5E4E6000B0236D /* ConfigurableCell.swift */ = {isa = PBXFileReference; lastKnownFileType = sourcecode.swift; path = ConfigurableCell.swift; sourceTree = "<group>"; };
		BEEBB4692E5EE33B00B0236D /* UIViewController+Alert.swift */ = {isa = PBXFileReference; lastKnownFileType = sourcecode.swift; path = "UIViewController+Alert.swift"; sourceTree = "<group>"; };
		BEEBB46B2E5EE3F400B0236D /* LoginActions.swift */ = {isa = PBXFileReference; lastKnownFileType = sourcecode.swift; path = LoginActions.swift; sourceTree = "<group>"; };
		BEEBB46D2E5EE55A00B0236D /* RegisterActions.swift */ = {isa = PBXFileReference; lastKnownFileType = sourcecode.swift; path = RegisterActions.swift; sourceTree = "<group>"; };
		BEEBB46F2E5F3A9100B0236D /* Home2ViewController.swift */ = {isa = PBXFileReference; lastKnownFileType = sourcecode.swift; path = Home2ViewController.swift; sourceTree = "<group>"; };
		BEEBB4712E5F81A300B0236D /* Protocols.swift */ = {isa = PBXFileReference; lastKnownFileType = sourcecode.swift; path = Protocols.swift; sourceTree = "<group>"; };
		BEEBB4732E5F863400B0236D /* HomeModel.swift */ = {isa = PBXFileReference; lastKnownFileType = sourcecode.swift; path = HomeModel.swift; sourceTree = "<group>"; };
		BEEBB47A2E60401200B0236D /* moviesplash.json */ = {isa = PBXFileReference; fileEncoding = 4; lastKnownFileType = text.json; path = moviesplash.json; sourceTree = "<group>"; };
		BEEBB47C2E60401D00B0236D /* endingeffect.json */ = {isa = PBXFileReference; fileEncoding = 4; lastKnownFileType = text.json; path = endingeffect.json; sourceTree = "<group>"; };
		BEEBB47E2E6046F800B0236D /* Lottie.xcframework */ = {isa = PBXFileReference; expectedSignature = "SelfSigned:892F1B43047B50538F2F46EAD92900DD3D4811F3582178C061A5FB20F111CB26"; lastKnownFileType = wrapper.xcframework; path = Lottie.xcframework; sourceTree = "<group>"; };
		BEEBB4822E60486600B0236D /* AnimatedBlurLabel.swift */ = {isa = PBXFileReference; lastKnownFileType = sourcecode.swift; path = AnimatedBlurLabel.swift; sourceTree = "<group>"; };
		BEF875752E571D340064B51B /* RegisterModel.swift */ = {isa = PBXFileReference; lastKnownFileType = sourcecode.swift; path = RegisterModel.swift; sourceTree = "<group>"; };
		BEF875772E571D7F0064B51B /* LoginModel.swift */ = {isa = PBXFileReference; lastKnownFileType = sourcecode.swift; path = LoginModel.swift; sourceTree = "<group>"; };
		BEF875792E57D3E80064B51B /* BaseInputCell.swift */ = {isa = PBXFileReference; lastKnownFileType = sourcecode.swift; path = BaseInputCell.swift; sourceTree = "<group>"; };
/* End PBXFileReference section */

/* Begin PBXFrameworksBuildPhase section */
		BE9A0FDA2E546F690049583A /* Frameworks */ = {
			isa = PBXFrameworksBuildPhase;
			buildActionMask = 2147483647;
			files = (
				BEB7298E2E5861E10084AE98 /* FirebaseMLModelDownloader in Frameworks */,
				BE9A10042E5471D20049583A /* FirebaseMessaging in Frameworks */,
				BE9A0FFC2E5471D20049583A /* FirebaseAppCheck in Frameworks */,
				BE055B902E5B662C00323869 /* GoogleSignIn in Frameworks */,
				BE05A9102E64B1C40065C728 /* SDWebImage in Frameworks */,
				BE9A10062E5471D20049583A /* FirebasePerformance in Frameworks */,
				BE9A10132E5494BA0049583A /* SnapKit in Frameworks */,
				BE9A0FF62E5471D10049583A /* FirebaseAnalytics in Frameworks */,
				BEB7297C2E5861E10084AE98 /* FirebaseCrashlytics in Frameworks */,
				BE9A0FFE2E5471D20049583A /* FirebaseAppDistribution-Beta in Frameworks */,
				BEB729882E5861E10084AE98 /* FirebaseFunctionsCombine-Community in Frameworks */,
				BE9A10002E5471D20049583A /* FirebaseInstallations in Frameworks */,
				BEB7298C2E5861E10084AE98 /* FirebaseInstallations in Frameworks */,
				BEB729922E5861E10084AE98 /* FirebasePerformance in Frameworks */,
				BEB729702E5861E10084AE98 /* FirebaseAnalyticsOnDeviceConversion in Frameworks */,
				BE9A0FFA2E5471D20049583A /* FirebaseAnalyticsWithoutAdIdSupport in Frameworks */,
				BEB729722E5861E10084AE98 /* FirebaseAnalyticsWithoutAdIdSupport in Frameworks */,
				BEB729802E5861E10084AE98 /* FirebaseDynamicLinks in Frameworks */,
				BEB7296E2E5861E10084AE98 /* FirebaseAnalytics in Frameworks */,
				BEEBB4552E5DCDC400B0236D /* Moya in Frameworks */,
				BE055B922E5B662C00323869 /* GoogleSignInSwift in Frameworks */,
				BEB729902E5861E10084AE98 /* FirebaseMessaging in Frameworks */,
				BEB729962E5861E10084AE98 /* FirebaseStorage in Frameworks */,
				BEB7299A2E5861E10084AE98 /* FirebaseVertexAI-Preview in Frameworks */,
				BE05A90E2E64B19B0065C728 /* SDWebImage in Frameworks */,
				BEB7298A2E5861E10084AE98 /* FirebaseInAppMessaging-Beta in Frameworks */,
				BEB729842E5861E10084AE98 /* FirebaseFirestoreCombine-Community in Frameworks */,
				BEB729782E5861E10084AE98 /* FirebaseAuth in Frameworks */,
				BEB729942E5861E10084AE98 /* FirebaseRemoteConfig in Frameworks */,
				BEB7297E2E5861E10084AE98 /* FirebaseDatabase in Frameworks */,
				BE9A0FF82E5471D20049583A /* FirebaseAnalyticsOnDeviceConversion in Frameworks */,
				BEB729762E5861E10084AE98 /* FirebaseAppDistribution-Beta in Frameworks */,
				BE9A100A2E5471D20049583A /* FirebaseStorage in Frameworks */,
				BE9A10022E5471D20049583A /* FirebaseMLModelDownloader in Frameworks */,
				BE9A100C2E5471D20049583A /* FirebaseStorageCombine-Community in Frameworks */,
				BE42C0542E68DC2D00EE1280 /* Lottie in Frameworks */,
				BEB729862E5861E10084AE98 /* FirebaseFunctions in Frameworks */,
				BE9A100E2E5471D20049583A /* FirebaseVertexAI-Preview in Frameworks */,
				BEB729742E5861E10084AE98 /* FirebaseAppCheck in Frameworks */,
				BEB7297A2E5861E10084AE98 /* FirebaseAuthCombine-Community in Frameworks */,
				BEB729822E5861E10084AE98 /* FirebaseFirestore in Frameworks */,
				BEB729982E5861E10084AE98 /* FirebaseStorageCombine-Community in Frameworks */,
				BE9A10082E5471D20049583A /* FirebaseRemoteConfig in Frameworks */,
			);
			runOnlyForDeploymentPostprocessing = 0;
		};
/* End PBXFrameworksBuildPhase section */

/* Begin PBXGroup section */
		BE055B8D2E5B0ADB00323869 /* Archive */ = {
			isa = PBXGroup;
			children = (
				BE42C0572E68DF2C00EE1280 /* TitleCell.swift */,
				BE42C0552E68DF1200EE1280 /* MessageCell.swift */,
				BE42C04E2E68CE6600EE1280 /* MoodMapping.swift */,
				BE42C03A2E68316400EE1280 /* LoadingCell.swift */,
				BE42C0382E68311000EE1280 /* RecommendationTextCell.swift */,
				BE42C0362E68308F00EE1280 /* MoodsCell.swift */,
				BEEBB4822E60486600B0236D /* AnimatedBlurLabel.swift */,
				BEF875792E57D3E80064B51B /* BaseInputCell.swift */,
				BE05A9082E64AF300065C728 /* FavoriteCell.swift */,
				BE05A90A2E64AF510065C728 /* FavoritesSectionCell.swift */,
				BEEBB4732E5F863400B0236D /* HomeModel.swift */,
				BEEBB4652E5E3F0900B0236D /* FeaturedMoviesCell.swift */,
				BEEBB46F2E5F3A9100B0236D /* Home2ViewController.swift */,
				BE055B8B2E5B089C00323869 /* RegisterExtension.swift */,
				BEE8B9722E56012C00B5A8C4 /* LoginExtension.swift */,
				BEEBB45E2E5DD35A00B0236D /* HomeExtension.swift */,
				BEEBB4672E5E4E6000B0236D /* ConfigurableCell.swift */,
				BEEBB4602E5DD6FA00B0236D /* HorizontalMovieSectionCell.swift */,
				BEE8B9622E55E2A400B5A8C4 /* PasswordCell.swift */,
				BEE8B9642E55E2B900B5A8C4 /* LogginButtonCells.swift */,
				BEE8B9682E55E43600B5A8C4 /* GoogleButtonCell.swift */,
				BEE8B97C2E5610CC00B5A8C4 /* RegisterButtonCell.swift */,
				BEE8B9602E55E27100B5A8C4 /* Emailcells.swift */,
				BEE8B96F2E55F6D700B5A8C4 /* LoginView.swift */,
				BEE8B9792E5609AD00B5A8C4 /* RegisterView.swift */,
				BEE8B97F2E56F98700B5A8C4 /* FirebaseManager.swift */,
			);
			path = Archive;
			sourceTree = "<group>";
		};
		BE055B962E5C423900323869 /* Tabbar */ = {
			isa = PBXGroup;
			children = (
				BE055B972E5C43AC00323869 /* MainTabbarViewController.swift */,
			);
			path = Tabbar;
			sourceTree = "<group>";
		};
		BE055B992E5C479900323869 /* Home */ = {
			isa = PBXGroup;
			children = (
				BE055BA32E5C4A3A00323869 /* HomeViewController.swift */,
				BEEBB44B2E5DC70B00B0236D /* HomeViewModel.swift */,
			);
			path = Home;
			sourceTree = "<group>";
		};
		BE055B9A2E5C47C500323869 /* Search */ = {
			isa = PBXGroup;
			children = (
				BE055BA12E5C4A2800323869 /* SearchViewController.swift */,
				BEDBE1AF2E65C03F00DC2A80 /* SearchViewModel.swift */,
			);
			path = Search;
			sourceTree = "<group>";
		};
		BE055B9B2E5C47CF00323869 /* Trailer */ = {
			isa = PBXGroup;
			children = (
				BE055B9F2E5C4A1900323869 /* TrailerViewController.swift */,
				BE05A8EA2E618C260065C728 /* TrailerViewModel.swift */,
				BE05A91A2E64F5E70065C728 /* Natification.swift */,
				BEDBE1AD2E6573E500DC2A80 /* TrailerActions.swift */,
			);
			path = Trailer;
			sourceTree = "<group>";
		};
		BE055B9C2E5C47DC00323869 /* Profile */ = {
			isa = PBXGroup;
			children = (
				BE055B9D2E5C4A0600323869 /* ProfileViewController.swift */,
				BE05A9112E64B2950065C728 /* ProfileViewModel.swift */,
				BE42C0612E69CB2700EE1280 /* AvatarPickerViewController.swift */,
			);
			path = Profile;
			sourceTree = "<group>";
		};
		BE05A8E92E618AED0065C728 /* Trailer */ = {
			isa = PBXGroup;
			children = (
				BE05A8EC2E61904F0065C728 /* TrailerHeaderCell.swift */,
				BE05A8EE2E61906A0065C728 /* TrailerRatingCell.swift */,
				BE05A8F02E6190B40065C728 /* TrailerCastCell.swift */,
				BE05A8F22E6190C90065C728 /* TrailerVideoCell.swift */,
				BEDBE1B82E66E14E00DC2A80 /* TrailerEmptyStateView.swift */,
			);
			path = Trailer;
			sourceTree = "<group>";
		};
		BE05A8FC2E61C4120065C728 /* Models */ = {
			isa = PBXGroup;
			children = (
				BE05A8FD2E61C45B0065C728 /* Movie.swift */,
				BE05A8F42E619A1C0065C728 /* MovieDetail.swift */,
			);
			path = Models;
			sourceTree = "<group>";
		};
		BE05A9022E64A98E0065C728 /* Profile */ = {
			isa = PBXGroup;
			children = (
				BE05A9052E64AEF60065C728 /* ProfileInfoCell.swift */,
				BE42C0632E69CB4D00EE1280 /* AvatarCell.swift */,
			);
			path = Profile;
			sourceTree = "<group>";
		};
		BE05A9132E64B6D70065C728 /* Movie */ = {
			isa = PBXGroup;
			children = (
				BE05A8FA2E61A1780065C728 /* TrailerService.swift */,
				BEEBB4582E5DD1C000B0236D /* MovieService.swift */,
				BEEBB44D2E5DC8CF00B0236D /* MovieAPI.swift */,
				BE42C0442E68830D00EE1280 /* OpenAIService.swift */,
				BE42C0462E68834100EE1280 /* OpenAIAPI.swift */,
			);
			path = Movie;
			sourceTree = "<group>";
		};
		BE05A9142E64B6E30065C728 /*  Network */ = {
			isa = PBXGroup;
			children = (
				BEEBB4512E5DCA5C00B0236D /* NetworkProvider.swift */,
				BE42C0482E68C2BD00EE1280 /* MoyaProvider.swift */,
				BE42C04C2E68CC8000EE1280 /* TDBMService.swift */,
			);
			path = " Network";
			sourceTree = "<group>";
		};
		BE05A9152E64B6F30065C728 /* Profile */ = {
			isa = PBXGroup;
			children = (
				BE05A9182E64B80B0065C728 /* UserService.swift */,
			);
			path = Profile;
			sourceTree = "<group>";
		};
		BE05A9162E64B6FF0065C728 /*  Auth */ = {
			isa = PBXGroup;
			children = (
				BEE8B9812E57006100B5A8C4 /* AuthService.swift */,
			);
			path = " Auth";
			sourceTree = "<group>";
		};
		BE05A9172E64B73C0065C728 /* Responses */ = {
			isa = PBXGroup;
			children = (
				BEEBB44F2E5DC8FB00B0236D /* MovieResponse.swift */,
				BE05A8F62E619A8A0065C728 /* CreditsResponse.swift */,
				BE05A8F82E619ABF0065C728 /* VideoResponse.swift */,
				BE42C05F2E69A2C900EE1280 /* TMDBListResponse.swift */,
			);
			path = Responses;
			sourceTree = "<group>";
		};
		BE42C0302E682F6F00EE1280 /* RecommendationChat */ = {
			isa = PBXGroup;
			children = (
				BE42C0312E682FD800EE1280 /* RecommendationChatViewModel.swift */,
				BE42C0332E68300100EE1280 /* RecommendationChatViewController.swift */,
			);
			path = RecommendationChat;
			sourceTree = "<group>";
		};
		BE42C0352E68306500EE1280 /* RecommendationChat */ = {
			isa = PBXGroup;
			children = (
				BE42C0592E68E65600EE1280 /* ChatBubbleCell.swift */,
				BEDD79D92E6AD75800740C40 /* MessageCells.swift */,
				BEDD79DB2E6AD78100740C40 /* LoadingCells.swift */,
			);
			path = RecommendationChat;
			sourceTree = "<group>";
		};
		BE9A0FD42E546F690049583A = {
			isa = PBXGroup;
			children = (
				BE9A0FDF2E546F690049583A /* Netflix */,
				BE9A0FDE2E546F690049583A /* Products */,
			);
			sourceTree = "<group>";
		};
		BE9A0FDE2E546F690049583A /* Products */ = {
			isa = PBXGroup;
			children = (
				BE9A0FDD2E546F690049583A /* Netflix.app */,
			);
			name = Products;
			sourceTree = "<group>";
		};
		BE9A0FDF2E546F690049583A /* Netflix */ = {
			isa = PBXGroup;
			children = (
				BEE8B97E2E56F92C00B5A8C4 /* Services */,
				BEE8B9712E56008000B5A8C4 /* extension */,
				BEE8B9462E55BD9100B5A8C4 /* Base */,
				BEE8B9582E55DC5600B5A8C4 /* Screens */,
				BEE8B9572E55DC3300B5A8C4 /* Cells */,
				BEE8B94C2E55C37500B5A8C4 /* Component */,
				BE055B8D2E5B0ADB00323869 /* Archive */,
				BE9A0FE02E546F6A0049583A /* AppDelegate.swift */,
				BE9A0FE22E546F6A0049583A /* SceneDelegate.swift */,
				BE9A0FE62E546F6A0049583A /* Main.storyboard */,
				BE9A0FE92E546F6D0049583A /* Assets.xcassets */,
				BEEBB47E2E6046F800B0236D /* Lottie.xcframework */,
				BE9A0FEB2E546F6D0049583A /* LaunchScreen.storyboard */,
				BE9A0FEE2E546F6D0049583A /* Info.plist */,
				BE055B932E5B797100323869 /* GoogleService-Info.plist */,
			);
			path = Netflix;
			sourceTree = "<group>";
		};
		BEDBE1B32E65C16C00DC2A80 /* Search */ = {
			isa = PBXGroup;
			children = (
				BEDBE1B42E65C17F00DC2A80 /* SearchHeaderCell.swift */,
			);
			path = Search;
			sourceTree = "<group>";
		};
		BEE8B92D2E55A9C700B5A8C4 /* Splash */ = {
			isa = PBXGroup;
			children = (
				BEEBB4752E603FAB00B0236D /* SplashAnimations */,
				BEE8B95B2E55DD0900B5A8C4 /* SplashViewController.swift */,
			);
			path = Splash;
			sourceTree = "<group>";
		};
		BEE8B9302E55AA2300B5A8C4 /* Login */ = {
			isa = PBXGroup;
			children = (
				BEE8B9312E55AA4500B5A8C4 /* LoginViewController.swift */,
				BEE8B9442E55BAA400B5A8C4 /* LoginViewModel.swift */,
				BEF875772E571D7F0064B51B /* LoginModel.swift */,
				BEEBB46B2E5EE3F400B0236D /* LoginActions.swift */,
			);
			path = Login;
			sourceTree = "<group>";
		};
		BEE8B9462E55BD9100B5A8C4 /* Base */ = {
			isa = PBXGroup;
			children = (
				BEE8B9472E55BDB000B5A8C4 /* BaseCollectionViewController.swift */,
				BEE8B9492E55BDFA00B5A8C4 /* BaseView.swift */,
				BEEBB4712E5F81A300B0236D /* Protocols.swift */,
			);
			path = Base;
			sourceTree = "<group>";
		};
		BEE8B94C2E55C37500B5A8C4 /* Component */ = {
			isa = PBXGroup;
			children = (
				BEE8B94D2E55C56B00B5A8C4 /* Login */,
			);
			path = Component;
			sourceTree = "<group>";
		};
		BEE8B94D2E55C56B00B5A8C4 /* Login */ = {
			isa = PBXGroup;
			children = (
				BEE8B94E2E55C58100B5A8C4 /* Icon.swift */,
				BEE8B9502E55C59000B5A8C4 /* CustomTextField.swift */,
				BEE8B96A2E55E52600B5A8C4 /* GradientButton.swift */,
			);
			path = Login;
			sourceTree = "<group>";
		};
		BEE8B9572E55DC3300B5A8C4 /* Cells */ = {
			isa = PBXGroup;
			children = (
				BE42C0352E68306500EE1280 /* RecommendationChat */,
				BEDBE1B32E65C16C00DC2A80 /* Search */,
				BE05A9022E64A98E0065C728 /* Profile */,
				BE05A8E92E618AED0065C728 /* Trailer */,
				BEEBB45B2E5DD32300B0236D /* Movie */,
				BEE8B96C2E55EAEE00B5A8C4 /* Login+Register */,
			);
			path = Cells;
			sourceTree = "<group>";
		};
		BEE8B9582E55DC5600B5A8C4 /* Screens */ = {
			isa = PBXGroup;
			children = (
				BE42C0302E682F6F00EE1280 /* RecommendationChat */,
				BEE8B92D2E55A9C700B5A8C4 /* Splash */,
				BEE8B9302E55AA2300B5A8C4 /* Login */,
				BEE8B9742E56095E00B5A8C4 /* Register */,
				BE055B962E5C423900323869 /* Tabbar */,
				BE055B992E5C479900323869 /* Home */,
				BE055B9C2E5C47DC00323869 /* Profile */,
				BE055B9B2E5C47CF00323869 /* Trailer */,
				BE055B9A2E5C47C500323869 /* Search */,
			);
			path = Screens;
			sourceTree = "<group>";
		};
		BEE8B96C2E55EAEE00B5A8C4 /* Login+Register */ = {
			isa = PBXGroup;
			children = (
				BEE8B9662E55E30F00B5A8C4 /* FooterCells.swift */,
				BEE8B95E2E55E24A00B5A8C4 /* WelcomeCells.swift */,
				BEB7299B2E59F1D30084AE98 /* InputCell.swift */,
				BEB7299D2E59F1E50084AE98 /* ButtonCell.swift */,
			);
			path = "Login+Register";
			sourceTree = "<group>";
		};
		BEE8B9712E56008000B5A8C4 /* extension */ = {
			isa = PBXGroup;
			children = (
				BEB7296B2E584EB20084AE98 /* ViewExtension.swift */,
				BEEBB4692E5EE33B00B0236D /* UIViewController+Alert.swift */,
			);
			path = extension;
			sourceTree = "<group>";
		};
		BEE8B9742E56095E00B5A8C4 /* Register */ = {
			isa = PBXGroup;
			children = (
				BEE8B9752E56098A00B5A8C4 /* RegisterViewController.swift */,
				BEE8B9772E56099C00B5A8C4 /* RegisterViewModel.swift */,
				BEF875752E571D340064B51B /* RegisterModel.swift */,
				BEEBB46D2E5EE55A00B0236D /* RegisterActions.swift */,
			);
			path = Register;
			sourceTree = "<group>";
		};
		BEE8B97E2E56F92C00B5A8C4 /* Services */ = {
			isa = PBXGroup;
			children = (
				BE42C04A2E68CBEE00EE1280 /* RemoteConfig.swift */,
				BE05A9172E64B73C0065C728 /* Responses */,
				BE05A9162E64B6FF0065C728 /*  Auth */,
				BE05A9152E64B6F30065C728 /* Profile */,
				BE05A9142E64B6E30065C728 /*  Network */,
				BE05A9132E64B6D70065C728 /* Movie */,
				BE05A8FC2E61C4120065C728 /* Models */,
				BE42C0422E68824300EE1280 /* RemoteKeyStore.swift */,
			);
			path = Services;
			sourceTree = "<group>";
		};
		BEEBB45B2E5DD32300B0236D /* Movie */ = {
			isa = PBXGroup;
			children = (
				BEEBB45C2E5DD33600B0236D /* MovieCell.swift */,
				BEEBB4622E5E32EE00B0236D /* MovieSectionCell.swift */,
			);
			path = Movie;
			sourceTree = "<group>";
		};
		BEEBB4752E603FAB00B0236D /* SplashAnimations */ = {
			isa = PBXGroup;
			children = (
				BEEBB47A2E60401200B0236D /* moviesplash.json */,
				BEEBB47C2E60401D00B0236D /* endingeffect.json */,
			);
			path = SplashAnimations;
			sourceTree = "<group>";
		};
/* End PBXGroup section */

/* Begin PBXNativeTarget section */
		BE9A0FDC2E546F690049583A /* Netflix */ = {
			isa = PBXNativeTarget;
			buildConfigurationList = BE9A0FF12E546F6D0049583A /* Build configuration list for PBXNativeTarget "Netflix" */;
			buildPhases = (
				BE9A0FD92E546F690049583A /* Sources */,
				BE9A0FDA2E546F690049583A /* Frameworks */,
				BE9A0FDB2E546F690049583A /* Resources */,
			);
			buildRules = (
			);
			dependencies = (
			);
			name = Netflix;
			packageProductDependencies = (
				BE9A0FF52E5471D10049583A /* FirebaseAnalytics */,
				BE9A0FF72E5471D20049583A /* FirebaseAnalyticsOnDeviceConversion */,
				BE9A0FF92E5471D20049583A /* FirebaseAnalyticsWithoutAdIdSupport */,
				BE9A0FFB2E5471D20049583A /* FirebaseAppCheck */,
				BE9A0FFD2E5471D20049583A /* FirebaseAppDistribution-Beta */,
				BE9A0FFF2E5471D20049583A /* FirebaseInstallations */,
				BE9A10012E5471D20049583A /* FirebaseMLModelDownloader */,
				BE9A10032E5471D20049583A /* FirebaseMessaging */,
				BE9A10052E5471D20049583A /* FirebasePerformance */,
				BE9A10072E5471D20049583A /* FirebaseRemoteConfig */,
				BE9A10092E5471D20049583A /* FirebaseStorage */,
				BE9A100B2E5471D20049583A /* FirebaseStorageCombine-Community */,
				BE9A100D2E5471D20049583A /* FirebaseVertexAI-Preview */,
				BE9A10122E5494BA0049583A /* SnapKit */,
				BEB7296D2E5861E10084AE98 /* FirebaseAnalytics */,
				BEB7296F2E5861E10084AE98 /* FirebaseAnalyticsOnDeviceConversion */,
				BEB729712E5861E10084AE98 /* FirebaseAnalyticsWithoutAdIdSupport */,
				BEB729732E5861E10084AE98 /* FirebaseAppCheck */,
				BEB729752E5861E10084AE98 /* FirebaseAppDistribution-Beta */,
				BEB729772E5861E10084AE98 /* FirebaseAuth */,
				BEB729792E5861E10084AE98 /* FirebaseAuthCombine-Community */,
				BEB7297B2E5861E10084AE98 /* FirebaseCrashlytics */,
				BEB7297D2E5861E10084AE98 /* FirebaseDatabase */,
				BEB7297F2E5861E10084AE98 /* FirebaseDynamicLinks */,
				BEB729812E5861E10084AE98 /* FirebaseFirestore */,
				BEB729832E5861E10084AE98 /* FirebaseFirestoreCombine-Community */,
				BEB729852E5861E10084AE98 /* FirebaseFunctions */,
				BEB729872E5861E10084AE98 /* FirebaseFunctionsCombine-Community */,
				BEB729892E5861E10084AE98 /* FirebaseInAppMessaging-Beta */,
				BEB7298B2E5861E10084AE98 /* FirebaseInstallations */,
				BEB7298D2E5861E10084AE98 /* FirebaseMLModelDownloader */,
				BEB7298F2E5861E10084AE98 /* FirebaseMessaging */,
				BEB729912E5861E10084AE98 /* FirebasePerformance */,
				BEB729932E5861E10084AE98 /* FirebaseRemoteConfig */,
				BEB729952E5861E10084AE98 /* FirebaseStorage */,
				BEB729972E5861E10084AE98 /* FirebaseStorageCombine-Community */,
				BEB729992E5861E10084AE98 /* FirebaseVertexAI-Preview */,
				BE055B8F2E5B662C00323869 /* GoogleSignIn */,
				BE055B912E5B662C00323869 /* GoogleSignInSwift */,
				BEEBB4542E5DCDC400B0236D /* Moya */,
				BE05A90D2E64B19B0065C728 /* SDWebImage */,
				BE05A90F2E64B1C40065C728 /* SDWebImage */,
				BE42C0532E68DC2D00EE1280 /* Lottie */,
			);
			productName = Netflix;
			productReference = BE9A0FDD2E546F690049583A /* Netflix.app */;
			productType = "com.apple.product-type.application";
		};
/* End PBXNativeTarget section */

/* Begin PBXProject section */
		BE9A0FD52E546F690049583A /* Project object */ = {
			isa = PBXProject;
			attributes = {
				BuildIndependentTargetsInParallel = 1;
				LastSwiftUpdateCheck = 1510;
				LastUpgradeCheck = 1510;
				TargetAttributes = {
					BE9A0FDC2E546F690049583A = {
						CreatedOnToolsVersion = 15.1;
					};
				};
			};
			buildConfigurationList = BE9A0FD82E546F690049583A /* Build configuration list for PBXProject "Netflix" */;
			compatibilityVersion = "Xcode 14.0";
			developmentRegion = en;
			hasScannedForEncodings = 0;
			knownRegions = (
				en,
				Base,
			);
			mainGroup = BE9A0FD42E546F690049583A;
			packageReferences = (
				BE9A0FF42E54703E0049583A /* XCRemoteSwiftPackageReference "firebase-ios-sdk" */,
				BE9A10112E5494B90049583A /* XCRemoteSwiftPackageReference "SnapKit" */,
				BE055B8E2E5B662B00323869 /* XCRemoteSwiftPackageReference "GoogleSignIn-iOS" */,
				BEEBB4532E5DCDC300B0236D /* XCRemoteSwiftPackageReference "Moya" */,
				BE05A90C2E64B19B0065C728 /* XCRemoteSwiftPackageReference "SDWebImage" */,
				BE42C0522E68DC2D00EE1280 /* XCRemoteSwiftPackageReference "lottie-ios" */,
			);
			productRefGroup = BE9A0FDE2E546F690049583A /* Products */;
			projectDirPath = "";
			projectRoot = "";
			targets = (
				BE9A0FDC2E546F690049583A /* Netflix */,
			);
		};
/* End PBXProject section */

/* Begin PBXResourcesBuildPhase section */
		BE9A0FDB2E546F690049583A /* Resources */ = {
			isa = PBXResourcesBuildPhase;
			buildActionMask = 2147483647;
			files = (
				BEEBB47B2E60401300B0236D /* moviesplash.json in Resources */,
				BE9A0FED2E546F6D0049583A /* LaunchScreen.storyboard in Resources */,
				BE055B952E5B92D100323869 /* GoogleService-Info.plist in Resources */,
				BEEBB47D2E60401D00B0236D /* endingeffect.json in Resources */,
				BE9A0FEA2E546F6D0049583A /* Assets.xcassets in Resources */,
				BE9A0FE82E546F6A0049583A /* Main.storyboard in Resources */,
			);
			runOnlyForDeploymentPostprocessing = 0;
		};
/* End PBXResourcesBuildPhase section */

/* Begin PBXSourcesBuildPhase section */
		BE9A0FD92E546F690049583A /* Sources */ = {
			isa = PBXSourcesBuildPhase;
			buildActionMask = 2147483647;
			files = (
				BEEBB4502E5DC8FB00B0236D /* MovieResponse.swift in Sources */,
				BE42C0342E68300100EE1280 /* RecommendationChatViewController.swift in Sources */,
				BE9A0FE12E546F6A0049583A /* AppDelegate.swift in Sources */,
				BEDBE1AE2E6573E600DC2A80 /* TrailerActions.swift in Sources */,
				BEEBB4742E5F863400B0236D /* HomeModel.swift in Sources */,
				BE42C0472E68834100EE1280 /* OpenAIAPI.swift in Sources */,
				BEEBB4702E5F3A9100B0236D /* Home2ViewController.swift in Sources */,
				BE42C0602E69A2C900EE1280 /* TMDBListResponse.swift in Sources */,
				BE42C04D2E68CC8000EE1280 /* TDBMService.swift in Sources */,
				BE05A9062E64AEF60065C728 /* ProfileInfoCell.swift in Sources */,
				BE05A8ED2E61904F0065C728 /* TrailerHeaderCell.swift in Sources */,
				BE9A0FE32E546F6A0049583A /* SceneDelegate.swift in Sources */,
				BE42C0642E69CB4D00EE1280 /* AvatarCell.swift in Sources */,
				BE42C0582E68DF2C00EE1280 /* TitleCell.swift in Sources */,
				BE42C03B2E68316400EE1280 /* LoadingCell.swift in Sources */,
				BE05A8F12E6190B40065C728 /* TrailerCastCell.swift in Sources */,
				BEE8B9672E55E30F00B5A8C4 /* FooterCells.swift in Sources */,
				BEE8B97A2E5609AD00B5A8C4 /* RegisterView.swift in Sources */,
				BE42C0372E68308F00EE1280 /* MoodsCell.swift in Sources */,
				BEE8B9322E55AA4500B5A8C4 /* LoginViewController.swift in Sources */,
				BEEBB4592E5DD1C000B0236D /* MovieService.swift in Sources */,
				BE05A8F32E6190C90065C728 /* TrailerVideoCell.swift in Sources */,
				BEDD79DA2E6AD75800740C40 /* MessageCells.swift in Sources */,
				BEEBB45D2E5DD33600B0236D /* MovieCell.swift in Sources */,
				BE05A9122E64B2950065C728 /* ProfileViewModel.swift in Sources */,
				BE05A8F72E619A8A0065C728 /* CreditsResponse.swift in Sources */,
				BEE8B9762E56098A00B5A8C4 /* RegisterViewController.swift in Sources */,
				BE055B9E2E5C4A0600323869 /* ProfileViewController.swift in Sources */,
				BE05A9092E64AF300065C728 /* FavoriteCell.swift in Sources */,
				BEDBE1B52E65C17F00DC2A80 /* SearchHeaderCell.swift in Sources */,
				BEE8B9482E55BDB000B5A8C4 /* BaseCollectionViewController.swift in Sources */,
				BE42C0322E682FD800EE1280 /* RecommendationChatViewModel.swift in Sources */,
				BEE8B9822E57006100B5A8C4 /* AuthService.swift in Sources */,
				BEEBB45F2E5DD35A00B0236D /* HomeExtension.swift in Sources */,
				BE05A8FB2E61A1780065C728 /* TrailerService.swift in Sources */,
				BEEBB46A2E5EE33B00B0236D /* UIViewController+Alert.swift in Sources */,
				BEE8B94A2E55BDFA00B5A8C4 /* BaseView.swift in Sources */,
				BEEBB44C2E5DC70B00B0236D /* HomeViewModel.swift in Sources */,
				BE055B982E5C43AC00323869 /* MainTabbarViewController.swift in Sources */,
				BEE8B9612E55E27100B5A8C4 /* Emailcells.swift in Sources */,
				BE42C04B2E68CBEE00EE1280 /* RemoteConfig.swift in Sources */,
				BEB7296C2E584EB20084AE98 /* ViewExtension.swift in Sources */,
				BEEBB4682E5E4E6000B0236D /* ConfigurableCell.swift in Sources */,
				BE42C05A2E68E65600EE1280 /* ChatBubbleCell.swift in Sources */,
				BE05A91B2E64F5E70065C728 /* Natification.swift in Sources */,
				BEE8B9652E55E2B900B5A8C4 /* LogginButtonCells.swift in Sources */,
				BE05A8EF2E61906A0065C728 /* TrailerRatingCell.swift in Sources */,
				BEEBB4612E5DD6FA00B0236D /* HorizontalMovieSectionCell.swift in Sources */,
				BEDD79DC2E6AD78100740C40 /* LoadingCells.swift in Sources */,
				BEE8B94F2E55C58100B5A8C4 /* Icon.swift in Sources */,
				BE055BA22E5C4A2800323869 /* SearchViewController.swift in Sources */,
				BE42C04F2E68CE6600EE1280 /* MoodMapping.swift in Sources */,
				BEEBB4662E5E3F0900B0236D /* FeaturedMoviesCell.swift in Sources */,
				BEEBB4722E5F81A300B0236D /* Protocols.swift in Sources */,
				BE05A8FE2E61C45B0065C728 /* Movie.swift in Sources */,
				BEEBB4832E60486600B0236D /* AnimatedBlurLabel.swift in Sources */,
				BEEBB46C2E5EE3F400B0236D /* LoginActions.swift in Sources */,
				BEDBE1B02E65C03F00DC2A80 /* SearchViewModel.swift in Sources */,
				BEEBB44E2E5DC8CF00B0236D /* MovieAPI.swift in Sources */,
				BE055B8C2E5B089C00323869 /* RegisterExtension.swift in Sources */,
				BEE8B9692E55E43600B5A8C4 /* GoogleButtonCell.swift in Sources */,
				BEE8B9782E56099C00B5A8C4 /* RegisterViewModel.swift in Sources */,
				BEF8757A2E57D3E80064B51B /* BaseInputCell.swift in Sources */,
				BE42C0562E68DF1200EE1280 /* MessageCell.swift in Sources */,
				BEE8B9702E55F6D700B5A8C4 /* LoginView.swift in Sources */,
				BEEBB4632E5E32EE00B0236D /* MovieSectionCell.swift in Sources */,
				BEE8B9452E55BAA400B5A8C4 /* LoginViewModel.swift in Sources */,
				BE42C0492E68C2BD00EE1280 /* MoyaProvider.swift in Sources */,
				BEF875762E571D340064B51B /* RegisterModel.swift in Sources */,
				BEEBB46E2E5EE55A00B0236D /* RegisterActions.swift in Sources */,
				BE05A8EB2E618C260065C728 /* TrailerViewModel.swift in Sources */,
				BE055BA42E5C4A3A00323869 /* HomeViewController.swift in Sources */,
				BEDBE1B92E66E14E00DC2A80 /* TrailerEmptyStateView.swift in Sources */,
				BEE8B9632E55E2A400B5A8C4 /* PasswordCell.swift in Sources */,
				BE42C0392E68311000EE1280 /* RecommendationTextCell.swift in Sources */,
				BEE8B9512E55C59000B5A8C4 /* CustomTextField.swift in Sources */,
				BE42C0622E69CB2700EE1280 /* AvatarPickerViewController.swift in Sources */,
				BE42C0452E68830D00EE1280 /* OpenAIService.swift in Sources */,
				BEEBB4522E5DCA5C00B0236D /* NetworkProvider.swift in Sources */,
				BE05A9192E64B80B0065C728 /* UserService.swift in Sources */,
				BEE8B95F2E55E24A00B5A8C4 /* WelcomeCells.swift in Sources */,
				BE05A8F92E619ABF0065C728 /* VideoResponse.swift in Sources */,
				BEE8B97D2E5610CC00B5A8C4 /* RegisterButtonCell.swift in Sources */,
				BE055BA02E5C4A1900323869 /* TrailerViewController.swift in Sources */,
				BE05A8F52E619A1C0065C728 /* MovieDetail.swift in Sources */,
				BEB7299E2E59F1E50084AE98 /* ButtonCell.swift in Sources */,
				BE05A90B2E64AF510065C728 /* FavoritesSectionCell.swift in Sources */,
				BEF875782E571D7F0064B51B /* LoginModel.swift in Sources */,
				BEE8B96B2E55E52600B5A8C4 /* GradientButton.swift in Sources */,
				BEE8B9802E56F98700B5A8C4 /* FirebaseManager.swift in Sources */,
				BEE8B95C2E55DD0900B5A8C4 /* SplashViewController.swift in Sources */,
				BEE8B9732E56012C00B5A8C4 /* LoginExtension.swift in Sources */,
				BE42C0432E68824300EE1280 /* RemoteKeyStore.swift in Sources */,
				BEB7299C2E59F1D30084AE98 /* InputCell.swift in Sources */,
			);
			runOnlyForDeploymentPostprocessing = 0;
		};
/* End PBXSourcesBuildPhase section */

/* Begin PBXVariantGroup section */
		BE9A0FE62E546F6A0049583A /* Main.storyboard */ = {
			isa = PBXVariantGroup;
			children = (
				BE9A0FE72E546F6A0049583A /* Base */,
			);
			name = Main.storyboard;
			sourceTree = "<group>";
		};
		BE9A0FEB2E546F6D0049583A /* LaunchScreen.storyboard */ = {
			isa = PBXVariantGroup;
			children = (
				BE9A0FEC2E546F6D0049583A /* Base */,
			);
			name = LaunchScreen.storyboard;
			sourceTree = "<group>";
		};
/* End PBXVariantGroup section */

/* Begin XCBuildConfiguration section */
		BE9A0FEF2E546F6D0049583A /* Debug */ = {
			isa = XCBuildConfiguration;
			buildSettings = {
				ALWAYS_SEARCH_USER_PATHS = NO;
				ASSETCATALOG_COMPILER_GENERATE_SWIFT_ASSET_SYMBOL_EXTENSIONS = YES;
				CLANG_ANALYZER_NONNULL = YES;
				CLANG_ANALYZER_NUMBER_OBJECT_CONVERSION = YES_AGGRESSIVE;
				CLANG_CXX_LANGUAGE_STANDARD = "gnu++20";
				CLANG_ENABLE_MODULES = YES;
				CLANG_ENABLE_OBJC_ARC = YES;
				CLANG_ENABLE_OBJC_WEAK = YES;
				CLANG_WARN_BLOCK_CAPTURE_AUTORELEASING = YES;
				CLANG_WARN_BOOL_CONVERSION = YES;
				CLANG_WARN_COMMA = YES;
				CLANG_WARN_CONSTANT_CONVERSION = YES;
				CLANG_WARN_DEPRECATED_OBJC_IMPLEMENTATIONS = YES;
				CLANG_WARN_DIRECT_OBJC_ISA_USAGE = YES_ERROR;
				CLANG_WARN_DOCUMENTATION_COMMENTS = YES;
				CLANG_WARN_EMPTY_BODY = YES;
				CLANG_WARN_ENUM_CONVERSION = YES;
				CLANG_WARN_INFINITE_RECURSION = YES;
				CLANG_WARN_INT_CONVERSION = YES;
				CLANG_WARN_NON_LITERAL_NULL_CONVERSION = YES;
				CLANG_WARN_OBJC_IMPLICIT_RETAIN_SELF = YES;
				CLANG_WARN_OBJC_LITERAL_CONVERSION = YES;
				CLANG_WARN_OBJC_ROOT_CLASS = YES_ERROR;
				CLANG_WARN_QUOTED_INCLUDE_IN_FRAMEWORK_HEADER = YES;
				CLANG_WARN_RANGE_LOOP_ANALYSIS = YES;
				CLANG_WARN_STRICT_PROTOTYPES = YES;
				CLANG_WARN_SUSPICIOUS_MOVE = YES;
				CLANG_WARN_UNGUARDED_AVAILABILITY = YES_AGGRESSIVE;
				CLANG_WARN_UNREACHABLE_CODE = YES;
				CLANG_WARN__DUPLICATE_METHOD_MATCH = YES;
				COPY_PHASE_STRIP = NO;
				DEBUG_INFORMATION_FORMAT = dwarf;
				ENABLE_STRICT_OBJC_MSGSEND = YES;
				ENABLE_TESTABILITY = YES;
				ENABLE_USER_SCRIPT_SANDBOXING = YES;
				GCC_C_LANGUAGE_STANDARD = gnu17;
				GCC_DYNAMIC_NO_PIC = NO;
				GCC_NO_COMMON_BLOCKS = YES;
				GCC_OPTIMIZATION_LEVEL = 0;
				GCC_PREPROCESSOR_DEFINITIONS = (
					"DEBUG=1",
					"$(inherited)",
				);
				GCC_WARN_64_TO_32_BIT_CONVERSION = YES;
				GCC_WARN_ABOUT_RETURN_TYPE = YES_ERROR;
				GCC_WARN_UNDECLARED_SELECTOR = YES;
				GCC_WARN_UNINITIALIZED_AUTOS = YES_AGGRESSIVE;
				GCC_WARN_UNUSED_FUNCTION = YES;
				GCC_WARN_UNUSED_VARIABLE = YES;
				IPHONEOS_DEPLOYMENT_TARGET = 17.2;
				LOCALIZATION_PREFERS_STRING_CATALOGS = YES;
				MTL_ENABLE_DEBUG_INFO = INCLUDE_SOURCE;
				MTL_FAST_MATH = YES;
				ONLY_ACTIVE_ARCH = YES;
				SDKROOT = iphoneos;
				SWIFT_ACTIVE_COMPILATION_CONDITIONS = "DEBUG $(inherited)";
				SWIFT_OPTIMIZATION_LEVEL = "-Onone";
			};
			name = Debug;
		};
		BE9A0FF02E546F6D0049583A /* Release */ = {
			isa = XCBuildConfiguration;
			buildSettings = {
				ALWAYS_SEARCH_USER_PATHS = NO;
				ASSETCATALOG_COMPILER_GENERATE_SWIFT_ASSET_SYMBOL_EXTENSIONS = YES;
				CLANG_ANALYZER_NONNULL = YES;
				CLANG_ANALYZER_NUMBER_OBJECT_CONVERSION = YES_AGGRESSIVE;
				CLANG_CXX_LANGUAGE_STANDARD = "gnu++20";
				CLANG_ENABLE_MODULES = YES;
				CLANG_ENABLE_OBJC_ARC = YES;
				CLANG_ENABLE_OBJC_WEAK = YES;
				CLANG_WARN_BLOCK_CAPTURE_AUTORELEASING = YES;
				CLANG_WARN_BOOL_CONVERSION = YES;
				CLANG_WARN_COMMA = YES;
				CLANG_WARN_CONSTANT_CONVERSION = YES;
				CLANG_WARN_DEPRECATED_OBJC_IMPLEMENTATIONS = YES;
				CLANG_WARN_DIRECT_OBJC_ISA_USAGE = YES_ERROR;
				CLANG_WARN_DOCUMENTATION_COMMENTS = YES;
				CLANG_WARN_EMPTY_BODY = YES;
				CLANG_WARN_ENUM_CONVERSION = YES;
				CLANG_WARN_INFINITE_RECURSION = YES;
				CLANG_WARN_INT_CONVERSION = YES;
				CLANG_WARN_NON_LITERAL_NULL_CONVERSION = YES;
				CLANG_WARN_OBJC_IMPLICIT_RETAIN_SELF = YES;
				CLANG_WARN_OBJC_LITERAL_CONVERSION = YES;
				CLANG_WARN_OBJC_ROOT_CLASS = YES_ERROR;
				CLANG_WARN_QUOTED_INCLUDE_IN_FRAMEWORK_HEADER = YES;
				CLANG_WARN_RANGE_LOOP_ANALYSIS = YES;
				CLANG_WARN_STRICT_PROTOTYPES = YES;
				CLANG_WARN_SUSPICIOUS_MOVE = YES;
				CLANG_WARN_UNGUARDED_AVAILABILITY = YES_AGGRESSIVE;
				CLANG_WARN_UNREACHABLE_CODE = YES;
				CLANG_WARN__DUPLICATE_METHOD_MATCH = YES;
				COPY_PHASE_STRIP = NO;
				DEBUG_INFORMATION_FORMAT = "dwarf-with-dsym";
				ENABLE_NS_ASSERTIONS = NO;
				ENABLE_STRICT_OBJC_MSGSEND = YES;
				ENABLE_USER_SCRIPT_SANDBOXING = YES;
				GCC_C_LANGUAGE_STANDARD = gnu17;
				GCC_NO_COMMON_BLOCKS = YES;
				GCC_WARN_64_TO_32_BIT_CONVERSION = YES;
				GCC_WARN_ABOUT_RETURN_TYPE = YES_ERROR;
				GCC_WARN_UNDECLARED_SELECTOR = YES;
				GCC_WARN_UNINITIALIZED_AUTOS = YES_AGGRESSIVE;
				GCC_WARN_UNUSED_FUNCTION = YES;
				GCC_WARN_UNUSED_VARIABLE = YES;
				IPHONEOS_DEPLOYMENT_TARGET = 17.2;
				LOCALIZATION_PREFERS_STRING_CATALOGS = YES;
				MTL_ENABLE_DEBUG_INFO = NO;
				MTL_FAST_MATH = YES;
				SDKROOT = iphoneos;
				SWIFT_COMPILATION_MODE = wholemodule;
				VALIDATE_PRODUCT = YES;
			};
			name = Release;
		};
		BE9A0FF22E546F6D0049583A /* Debug */ = {
			isa = XCBuildConfiguration;
			buildSettings = {
				ASSETCATALOG_COMPILER_APPICON_NAME = AppIcon;
				ASSETCATALOG_COMPILER_GLOBAL_ACCENT_COLOR_NAME = AccentColor;
				CODE_SIGN_STYLE = Automatic;
				CURRENT_PROJECT_VERSION = 1;
				DEVELOPMENT_TEAM = GNY8CM6B44;
				FRAMEWORK_SEARCH_PATHS = (
					"$(inherited)",
					"$(PROJECT_DIR)",
				);
				GENERATE_INFOPLIST_FILE = YES;
				INFOPLIST_FILE = Netflix/Info.plist;
				INFOPLIST_KEY_UIApplicationSupportsIndirectInputEvents = YES;
				INFOPLIST_KEY_UILaunchStoryboardName = LaunchScreen;
				INFOPLIST_KEY_UIMainStoryboardFile = Main;
				INFOPLIST_KEY_UISupportedInterfaceOrientations_iPad = "UIInterfaceOrientationPortrait UIInterfaceOrientationPortraitUpsideDown UIInterfaceOrientationLandscapeLeft UIInterfaceOrientationLandscapeRight";
				INFOPLIST_KEY_UISupportedInterfaceOrientations_iPhone = "UIInterfaceOrientationPortrait UIInterfaceOrientationLandscapeLeft UIInterfaceOrientationLandscapeRight";
				LD_RUNPATH_SEARCH_PATHS = (
					"$(inherited)",
					"@executable_path/Frameworks",
				);
				MARKETING_VERSION = 1.0;
				PRODUCT_BUNDLE_IDENTIFIER = com.aysenurkendirci.Netflix;
				PRODUCT_NAME = "$(TARGET_NAME)";
				SWIFT_EMIT_LOC_STRINGS = YES;
				SWIFT_VERSION = 5.0;
				TARGETED_DEVICE_FAMILY = "1,2";
			};
			name = Debug;
		};
		BE9A0FF32E546F6D0049583A /* Release */ = {
			isa = XCBuildConfiguration;
			buildSettings = {
				ASSETCATALOG_COMPILER_APPICON_NAME = AppIcon;
				ASSETCATALOG_COMPILER_GLOBAL_ACCENT_COLOR_NAME = AccentColor;
				CODE_SIGN_STYLE = Automatic;
				CURRENT_PROJECT_VERSION = 1;
				DEVELOPMENT_TEAM = GNY8CM6B44;
				FRAMEWORK_SEARCH_PATHS = (
					"$(inherited)",
					"$(PROJECT_DIR)",
				);
				GENERATE_INFOPLIST_FILE = YES;
				INFOPLIST_FILE = Netflix/Info.plist;
				INFOPLIST_KEY_UIApplicationSupportsIndirectInputEvents = YES;
				INFOPLIST_KEY_UILaunchStoryboardName = LaunchScreen;
				INFOPLIST_KEY_UIMainStoryboardFile = Main;
				INFOPLIST_KEY_UISupportedInterfaceOrientations_iPad = "UIInterfaceOrientationPortrait UIInterfaceOrientationPortraitUpsideDown UIInterfaceOrientationLandscapeLeft UIInterfaceOrientationLandscapeRight";
				INFOPLIST_KEY_UISupportedInterfaceOrientations_iPhone = "UIInterfaceOrientationPortrait UIInterfaceOrientationLandscapeLeft UIInterfaceOrientationLandscapeRight";
				LD_RUNPATH_SEARCH_PATHS = (
					"$(inherited)",
					"@executable_path/Frameworks",
				);
				MARKETING_VERSION = 1.0;
				PRODUCT_BUNDLE_IDENTIFIER = com.aysenurkendirci.Netflix;
				PRODUCT_NAME = "$(TARGET_NAME)";
				SWIFT_EMIT_LOC_STRINGS = YES;
				SWIFT_VERSION = 5.0;
				TARGETED_DEVICE_FAMILY = "1,2";
			};
			name = Release;
		};
/* End XCBuildConfiguration section */

/* Begin XCConfigurationList section */
		BE9A0FD82E546F690049583A /* Build configuration list for PBXProject "Netflix" */ = {
			isa = XCConfigurationList;
			buildConfigurations = (
				BE9A0FEF2E546F6D0049583A /* Debug */,
				BE9A0FF02E546F6D0049583A /* Release */,
			);
			defaultConfigurationIsVisible = 0;
			defaultConfigurationName = Release;
		};
		BE9A0FF12E546F6D0049583A /* Build configuration list for PBXNativeTarget "Netflix" */ = {
			isa = XCConfigurationList;
			buildConfigurations = (
				BE9A0FF22E546F6D0049583A /* Debug */,
				BE9A0FF32E546F6D0049583A /* Release */,
			);
			defaultConfigurationIsVisible = 0;
			defaultConfigurationName = Release;
		};
/* End XCConfigurationList section */

/* Begin XCRemoteSwiftPackageReference section */
		BE055B8E2E5B662B00323869 /* XCRemoteSwiftPackageReference "GoogleSignIn-iOS" */ = {
			isa = XCRemoteSwiftPackageReference;
			repositoryURL = "https://github.com/google/GoogleSignIn-iOS";
			requirement = {
				kind = upToNextMajorVersion;
				minimumVersion = 7.0.0;
			};
		};
		BE05A90C2E64B19B0065C728 /* XCRemoteSwiftPackageReference "SDWebImage" */ = {
			isa = XCRemoteSwiftPackageReference;
			repositoryURL = "https://github.com/SDWebImage/SDWebImage.git";
			requirement = {
				kind = upToNextMajorVersion;
				minimumVersion = 5.21.2;
			};
		};
		BE42C0522E68DC2D00EE1280 /* XCRemoteSwiftPackageReference "lottie-ios" */ = {
			isa = XCRemoteSwiftPackageReference;
			repositoryURL = "https://github.com/airbnb/lottie-ios.git";
			requirement = {
				kind = upToNextMajorVersion;
				minimumVersion = 4.5.2;
			};
		};
		BE9A0FF42E54703E0049583A /* XCRemoteSwiftPackageReference "firebase-ios-sdk" */ = {
			isa = XCRemoteSwiftPackageReference;
			repositoryURL = "https://github.com/firebase/firebase-ios-sdk.git";
			requirement = {
				kind = exactVersion;
				version = 11.1.0;
			};
		};
		BE9A10112E5494B90049583A /* XCRemoteSwiftPackageReference "SnapKit" */ = {
			isa = XCRemoteSwiftPackageReference;
			repositoryURL = "https://github.com/SnapKit/SnapKit.git";
			requirement = {
				kind = upToNextMajorVersion;
				minimumVersion = 5.7.1;
			};
		};
		BEEBB4532E5DCDC300B0236D /* XCRemoteSwiftPackageReference "Moya" */ = {
			isa = XCRemoteSwiftPackageReference;
			repositoryURL = "https://github.com/Moya/Moya";
			requirement = {
				kind = upToNextMajorVersion;
				minimumVersion = 15.0.3;
			};
		};
/* End XCRemoteSwiftPackageReference section */

/* Begin XCSwiftPackageProductDependency section */
		BE055B8F2E5B662C00323869 /* GoogleSignIn */ = {
			isa = XCSwiftPackageProductDependency;
			package = BE055B8E2E5B662B00323869 /* XCRemoteSwiftPackageReference "GoogleSignIn-iOS" */;
			productName = GoogleSignIn;
		};
		BE055B912E5B662C00323869 /* GoogleSignInSwift */ = {
			isa = XCSwiftPackageProductDependency;
			package = BE055B8E2E5B662B00323869 /* XCRemoteSwiftPackageReference "GoogleSignIn-iOS" */;
			productName = GoogleSignInSwift;
		};
		BE05A90D2E64B19B0065C728 /* SDWebImage */ = {
			isa = XCSwiftPackageProductDependency;
			package = BE05A90C2E64B19B0065C728 /* XCRemoteSwiftPackageReference "SDWebImage" */;
			productName = SDWebImage;
		};
		BE05A90F2E64B1C40065C728 /* SDWebImage */ = {
			isa = XCSwiftPackageProductDependency;
			package = BE05A90C2E64B19B0065C728 /* XCRemoteSwiftPackageReference "SDWebImage" */;
			productName = SDWebImage;
		};
		BE42C0532E68DC2D00EE1280 /* Lottie */ = {
			isa = XCSwiftPackageProductDependency;
			package = BE42C0522E68DC2D00EE1280 /* XCRemoteSwiftPackageReference "lottie-ios" */;
			productName = Lottie;
		};
		BE9A0FF52E5471D10049583A /* FirebaseAnalytics */ = {
			isa = XCSwiftPackageProductDependency;
			package = BE9A0FF42E54703E0049583A /* XCRemoteSwiftPackageReference "firebase-ios-sdk" */;
			productName = FirebaseAnalytics;
		};
		BE9A0FF72E5471D20049583A /* FirebaseAnalyticsOnDeviceConversion */ = {
			isa = XCSwiftPackageProductDependency;
			package = BE9A0FF42E54703E0049583A /* XCRemoteSwiftPackageReference "firebase-ios-sdk" */;
			productName = FirebaseAnalyticsOnDeviceConversion;
		};
		BE9A0FF92E5471D20049583A /* FirebaseAnalyticsWithoutAdIdSupport */ = {
			isa = XCSwiftPackageProductDependency;
			package = BE9A0FF42E54703E0049583A /* XCRemoteSwiftPackageReference "firebase-ios-sdk" */;
			productName = FirebaseAnalyticsWithoutAdIdSupport;
		};
		BE9A0FFB2E5471D20049583A /* FirebaseAppCheck */ = {
			isa = XCSwiftPackageProductDependency;
			package = BE9A0FF42E54703E0049583A /* XCRemoteSwiftPackageReference "firebase-ios-sdk" */;
			productName = FirebaseAppCheck;
		};
		BE9A0FFD2E5471D20049583A /* FirebaseAppDistribution-Beta */ = {
			isa = XCSwiftPackageProductDependency;
			package = BE9A0FF42E54703E0049583A /* XCRemoteSwiftPackageReference "firebase-ios-sdk" */;
			productName = "FirebaseAppDistribution-Beta";
		};
		BE9A0FFF2E5471D20049583A /* FirebaseInstallations */ = {
			isa = XCSwiftPackageProductDependency;
			package = BE9A0FF42E54703E0049583A /* XCRemoteSwiftPackageReference "firebase-ios-sdk" */;
			productName = FirebaseInstallations;
		};
		BE9A10012E5471D20049583A /* FirebaseMLModelDownloader */ = {
			isa = XCSwiftPackageProductDependency;
			package = BE9A0FF42E54703E0049583A /* XCRemoteSwiftPackageReference "firebase-ios-sdk" */;
			productName = FirebaseMLModelDownloader;
		};
		BE9A10032E5471D20049583A /* FirebaseMessaging */ = {
			isa = XCSwiftPackageProductDependency;
			package = BE9A0FF42E54703E0049583A /* XCRemoteSwiftPackageReference "firebase-ios-sdk" */;
			productName = FirebaseMessaging;
		};
		BE9A10052E5471D20049583A /* FirebasePerformance */ = {
			isa = XCSwiftPackageProductDependency;
			package = BE9A0FF42E54703E0049583A /* XCRemoteSwiftPackageReference "firebase-ios-sdk" */;
			productName = FirebasePerformance;
		};
		BE9A10072E5471D20049583A /* FirebaseRemoteConfig */ = {
			isa = XCSwiftPackageProductDependency;
			package = BE9A0FF42E54703E0049583A /* XCRemoteSwiftPackageReference "firebase-ios-sdk" */;
			productName = FirebaseRemoteConfig;
		};
		BE9A10092E5471D20049583A /* FirebaseStorage */ = {
			isa = XCSwiftPackageProductDependency;
			package = BE9A0FF42E54703E0049583A /* XCRemoteSwiftPackageReference "firebase-ios-sdk" */;
			productName = FirebaseStorage;
		};
		BE9A100B2E5471D20049583A /* FirebaseStorageCombine-Community */ = {
			isa = XCSwiftPackageProductDependency;
			package = BE9A0FF42E54703E0049583A /* XCRemoteSwiftPackageReference "firebase-ios-sdk" */;
			productName = "FirebaseStorageCombine-Community";
		};
		BE9A100D2E5471D20049583A /* FirebaseVertexAI-Preview */ = {
			isa = XCSwiftPackageProductDependency;
			package = BE9A0FF42E54703E0049583A /* XCRemoteSwiftPackageReference "firebase-ios-sdk" */;
			productName = "FirebaseVertexAI-Preview";
		};
		BE9A10122E5494BA0049583A /* SnapKit */ = {
			isa = XCSwiftPackageProductDependency;
			package = BE9A10112E5494B90049583A /* XCRemoteSwiftPackageReference "SnapKit" */;
			productName = SnapKit;
		};
		BEB7296D2E5861E10084AE98 /* FirebaseAnalytics */ = {
			isa = XCSwiftPackageProductDependency;
			package = BE9A0FF42E54703E0049583A /* XCRemoteSwiftPackageReference "firebase-ios-sdk" */;
			productName = FirebaseAnalytics;
		};
		BEB7296F2E5861E10084AE98 /* FirebaseAnalyticsOnDeviceConversion */ = {
			isa = XCSwiftPackageProductDependency;
			package = BE9A0FF42E54703E0049583A /* XCRemoteSwiftPackageReference "firebase-ios-sdk" */;
			productName = FirebaseAnalyticsOnDeviceConversion;
		};
		BEB729712E5861E10084AE98 /* FirebaseAnalyticsWithoutAdIdSupport */ = {
			isa = XCSwiftPackageProductDependency;
			package = BE9A0FF42E54703E0049583A /* XCRemoteSwiftPackageReference "firebase-ios-sdk" */;
			productName = FirebaseAnalyticsWithoutAdIdSupport;
		};
		BEB729732E5861E10084AE98 /* FirebaseAppCheck */ = {
			isa = XCSwiftPackageProductDependency;
			package = BE9A0FF42E54703E0049583A /* XCRemoteSwiftPackageReference "firebase-ios-sdk" */;
			productName = FirebaseAppCheck;
		};
		BEB729752E5861E10084AE98 /* FirebaseAppDistribution-Beta */ = {
			isa = XCSwiftPackageProductDependency;
			package = BE9A0FF42E54703E0049583A /* XCRemoteSwiftPackageReference "firebase-ios-sdk" */;
			productName = "FirebaseAppDistribution-Beta";
		};
		BEB729772E5861E10084AE98 /* FirebaseAuth */ = {
			isa = XCSwiftPackageProductDependency;
			package = BE9A0FF42E54703E0049583A /* XCRemoteSwiftPackageReference "firebase-ios-sdk" */;
			productName = FirebaseAuth;
		};
		BEB729792E5861E10084AE98 /* FirebaseAuthCombine-Community */ = {
			isa = XCSwiftPackageProductDependency;
			package = BE9A0FF42E54703E0049583A /* XCRemoteSwiftPackageReference "firebase-ios-sdk" */;
			productName = "FirebaseAuthCombine-Community";
		};
		BEB7297B2E5861E10084AE98 /* FirebaseCrashlytics */ = {
			isa = XCSwiftPackageProductDependency;
			package = BE9A0FF42E54703E0049583A /* XCRemoteSwiftPackageReference "firebase-ios-sdk" */;
			productName = FirebaseCrashlytics;
		};
		BEB7297D2E5861E10084AE98 /* FirebaseDatabase */ = {
			isa = XCSwiftPackageProductDependency;
			package = BE9A0FF42E54703E0049583A /* XCRemoteSwiftPackageReference "firebase-ios-sdk" */;
			productName = FirebaseDatabase;
		};
		BEB7297F2E5861E10084AE98 /* FirebaseDynamicLinks */ = {
			isa = XCSwiftPackageProductDependency;
			package = BE9A0FF42E54703E0049583A /* XCRemoteSwiftPackageReference "firebase-ios-sdk" */;
			productName = FirebaseDynamicLinks;
		};
		BEB729812E5861E10084AE98 /* FirebaseFirestore */ = {
			isa = XCSwiftPackageProductDependency;
			package = BE9A0FF42E54703E0049583A /* XCRemoteSwiftPackageReference "firebase-ios-sdk" */;
			productName = FirebaseFirestore;
		};
		BEB729832E5861E10084AE98 /* FirebaseFirestoreCombine-Community */ = {
			isa = XCSwiftPackageProductDependency;
			package = BE9A0FF42E54703E0049583A /* XCRemoteSwiftPackageReference "firebase-ios-sdk" */;
			productName = "FirebaseFirestoreCombine-Community";
		};
		BEB729852E5861E10084AE98 /* FirebaseFunctions */ = {
			isa = XCSwiftPackageProductDependency;
			package = BE9A0FF42E54703E0049583A /* XCRemoteSwiftPackageReference "firebase-ios-sdk" */;
			productName = FirebaseFunctions;
		};
		BEB729872E5861E10084AE98 /* FirebaseFunctionsCombine-Community */ = {
			isa = XCSwiftPackageProductDependency;
			package = BE9A0FF42E54703E0049583A /* XCRemoteSwiftPackageReference "firebase-ios-sdk" */;
			productName = "FirebaseFunctionsCombine-Community";
		};
		BEB729892E5861E10084AE98 /* FirebaseInAppMessaging-Beta */ = {
			isa = XCSwiftPackageProductDependency;
			package = BE9A0FF42E54703E0049583A /* XCRemoteSwiftPackageReference "firebase-ios-sdk" */;
			productName = "FirebaseInAppMessaging-Beta";
		};
		BEB7298B2E5861E10084AE98 /* FirebaseInstallations */ = {
			isa = XCSwiftPackageProductDependency;
			package = BE9A0FF42E54703E0049583A /* XCRemoteSwiftPackageReference "firebase-ios-sdk" */;
			productName = FirebaseInstallations;
		};
		BEB7298D2E5861E10084AE98 /* FirebaseMLModelDownloader */ = {
			isa = XCSwiftPackageProductDependency;
			package = BE9A0FF42E54703E0049583A /* XCRemoteSwiftPackageReference "firebase-ios-sdk" */;
			productName = FirebaseMLModelDownloader;
		};
		BEB7298F2E5861E10084AE98 /* FirebaseMessaging */ = {
			isa = XCSwiftPackageProductDependency;
			package = BE9A0FF42E54703E0049583A /* XCRemoteSwiftPackageReference "firebase-ios-sdk" */;
			productName = FirebaseMessaging;
		};
		BEB729912E5861E10084AE98 /* FirebasePerformance */ = {
			isa = XCSwiftPackageProductDependency;
			package = BE9A0FF42E54703E0049583A /* XCRemoteSwiftPackageReference "firebase-ios-sdk" */;
			productName = FirebasePerformance;
		};
		BEB729932E5861E10084AE98 /* FirebaseRemoteConfig */ = {
			isa = XCSwiftPackageProductDependency;
			package = BE9A0FF42E54703E0049583A /* XCRemoteSwiftPackageReference "firebase-ios-sdk" */;
			productName = FirebaseRemoteConfig;
		};
		BEB729952E5861E10084AE98 /* FirebaseStorage */ = {
			isa = XCSwiftPackageProductDependency;
			package = BE9A0FF42E54703E0049583A /* XCRemoteSwiftPackageReference "firebase-ios-sdk" */;
			productName = FirebaseStorage;
		};
		BEB729972E5861E10084AE98 /* FirebaseStorageCombine-Community */ = {
			isa = XCSwiftPackageProductDependency;
			package = BE9A0FF42E54703E0049583A /* XCRemoteSwiftPackageReference "firebase-ios-sdk" */;
			productName = "FirebaseStorageCombine-Community";
		};
		BEB729992E5861E10084AE98 /* FirebaseVertexAI-Preview */ = {
			isa = XCSwiftPackageProductDependency;
			package = BE9A0FF42E54703E0049583A /* XCRemoteSwiftPackageReference "firebase-ios-sdk" */;
			productName = "FirebaseVertexAI-Preview";
		};
		BEEBB4542E5DCDC400B0236D /* Moya */ = {
			isa = XCSwiftPackageProductDependency;
			package = BEEBB4532E5DCDC300B0236D /* XCRemoteSwiftPackageReference "Moya" */;
			productName = Moya;
		};
/* End XCSwiftPackageProductDependency section */
	};
	rootObject = BE9A0FD52E546F690049583A /* Project object */;
}
